// !$*UTF8*$!
{
	archiveVersion = 1;
	classes = {
	};
	objectVersion = 56;
	objects = {

/* Begin PBXBuildFile section */
		1BEE3D474B46C2C3A5E4F313 /* OrderUseCaseTests.swift in Sources */ = {isa = PBXBuildFile; fileRef = F5B18BD3DEE328CCBF6F18ED /* OrderUseCaseTests.swift */; };
		79175A77DC366C6B50E12382 /* MenuUseCaseTests.swift in Sources */ = {isa = PBXBuildFile; fileRef = EE61E89552E9AD73B9626A9C /* MenuUseCaseTests.swift */; };
		7F329F63732F705654FB2EE8 /* configuration.authentication.gula in Sources */ = {isa = PBXBuildFile; fileRef = BB883DD5A93FA09CA77D0059 /* configuration.authentication.gula */; };
		902C12A3559F0AFB16AA7D5B /* OrderRepositoryFake.swift in Sources */ = {isa = PBXBuildFile; fileRef = 63F5369149014C6FF030AAB0 /* OrderRepositoryFake.swift */; };
		B4395A175F6643257EA02B4E /* README.md in Sources */ = {isa = PBXBuildFile; fileRef = E4CFA1BE888D358EAADF7FE1 /* README.md */; };
		C1AAF6DF2C86304B006E563B /* testgulaApp.swift in Sources */ = {isa = PBXBuildFile; fileRef = C1AAF6DE2C86304B006E563B /* testgulaApp.swift */; };
		C1AAF6E12C86304B006E563B /* ContentView.swift in Sources */ = {isa = PBXBuildFile; fileRef = C1AAF6E02C86304B006E563B /* ContentView.swift */; };
		C1AAF6E32C86304B006E563B /* Item.swift in Sources */ = {isa = PBXBuildFile; fileRef = C1AAF6E22C86304B006E563B /* Item.swift */; };
		C1AAF6E52C86304C006E563B /* Assets.xcassets in Resources */ = {isa = PBXBuildFile; fileRef = C1AAF6E42C86304C006E563B /* Assets.xcassets */; };
		C1AAF6E82C86304C006E563B /* Preview Assets.xcassets in Resources */ = {isa = PBXBuildFile; fileRef = C1AAF6E72C86304C006E563B /* Preview Assets.xcassets */; };
		C1AAF6F22C86304C006E563B /* testgulaTests.swift in Sources */ = {isa = PBXBuildFile; fileRef = C1AAF6F12C86304C006E563B /* testgulaTests.swift */; };
		C1AAF6FC2C86304C006E563B /* testgulaUITests.swift in Sources */ = {isa = PBXBuildFile; fileRef = C1AAF6FB2C86304C006E563B /* testgulaUITests.swift */; };
		C1AAF6FE2C86304C006E563B /* testgulaUITestsLaunchTests.swift in Sources */ = {isa = PBXBuildFile; fileRef = C1AAF6FD2C86304C006E563B /* testgulaUITestsLaunchTests.swift */; };
		CC8FBC8D00C96B63BAA56A4D /* MenuRepositoryFake.swift in Sources */ = {isa = PBXBuildFile; fileRef = FBB8C4480C655CA2582B0A2A /* MenuRepositoryFake.swift */; };
		DC161F62B0CDF99E16DD8102 /* Gula.xctestplan in Sources */ = {isa = PBXBuildFile; fileRef = C7E401A97A7F5EB117C55006 /* Gula.xctestplan */; };
/* End PBXBuildFile section */

/* Begin PBXContainerItemProxy section */
		C1AAF6EE2C86304C006E563B /* PBXContainerItemProxy */ = {
			isa = PBXContainerItemProxy;
			containerPortal = C1AAF6D32C86304B006E563B /* Project object */;
			proxyType = 1;
			remoteGlobalIDString = C1AAF6DA2C86304B006E563B;
			remoteInfo = testgula;
		};
		C1AAF6F82C86304C006E563B /* PBXContainerItemProxy */ = {
			isa = PBXContainerItemProxy;
			containerPortal = C1AAF6D32C86304B006E563B /* Project object */;
			proxyType = 1;
			remoteGlobalIDString = C1AAF6DA2C86304B006E563B;
			remoteInfo = testgula;
		};
/* End PBXContainerItemProxy section */

/* Begin PBXFileReference section */
		04871842DAA97D4C00A61C9C /* RegisterUseCase.swift */ = {isa = PBXFileReference; includeInIndex = 1; lastKnownFileType = sourcecode.swift; name = RegisterUseCase.swift; path = Modules/Authentication/Domain/UseCase/Register/RegisterUseCase.swift; sourceTree = "<group>"; };
		089A6A4BEADDE7175B9DA1FC /* RegisterViewModel.swift */ = {isa = PBXFileReference; includeInIndex = 1; lastKnownFileType = sourcecode.swift; name = RegisterViewModel.swift; path = Modules/Authentication/Presentation/Screens/Register/RegisterViewModel.swift; sourceTree = "<group>"; };
		0B3C4FEFCCC112020F5ECA63 /* NewPasswordViewModel.swift */ = {isa = PBXFileReference; includeInIndex = 1; lastKnownFileType = sourcecode.swift; name = NewPasswordViewModel.swift; path = Modules/Authentication/Presentation/Screens/NewPassword/NewPasswordViewModel.swift; sourceTree = "<group>"; };
		0DB81D8518365571AF45B972 /* AuthUseCase.swift */ = {isa = PBXFileReference; includeInIndex = 1; lastKnownFileType = sourcecode.swift; name = AuthUseCase.swift; path = Modules/Authentication/Domain/UseCase/Auth/AuthUseCase.swift; sourceTree = "<group>"; };
		1176491CD610F8D8E3E6B172 /* RegisterCompletedViewModel.swift */ = {isa = PBXFileReference; includeInIndex = 1; lastKnownFileType = sourcecode.swift; name = RegisterCompletedViewModel.swift; path = Modules/Authentication/Presentation/Screens/Register/RegisterCompleted/RegisterCompletedViewModel.swift; sourceTree = "<group>"; };
		11F2DACAFE0FE9BCE16510DE /* NewPasswordBuilder.swift */ = {isa = PBXFileReference; includeInIndex = 1; lastKnownFileType = sourcecode.swift; name = NewPasswordBuilder.swift; path = Modules/Authentication/Presentation/Screens/NewPassword/NewPasswordBuilder.swift; sourceTree = "<group>"; };
		1B1980C9C2B2B77D5B070236 /* AllergensViewModel.swift */ = {isa = PBXFileReference; includeInIndex = 1; lastKnownFileType = sourcecode.swift; name = AllergensViewModel.swift; path = Modules/Menu/Presentation/Screens/Allergens/AllergensViewModel.swift; sourceTree = "<group>"; };
		1C6E2B60A52B58DF17A1C1CA /* RegisterCompletedView.swift */ = {isa = PBXFileReference; includeInIndex = 1; lastKnownFileType = sourcecode.swift; name = RegisterCompletedView.swift; path = Modules/Authentication/Presentation/Screens/Register/RegisterCompleted/RegisterCompletedView.swift; sourceTree = "<group>"; };
		1CFC4CDDD708A45412C15BF2 /* RegisterRemoteDataSource.swift */ = {isa = PBXFileReference; includeInIndex = 1; lastKnownFileType = sourcecode.swift; name = RegisterRemoteDataSource.swift; path = Modules/Authentication/Data/Datasource/Register/Remote/RegisterRemoteDataSource.swift; sourceTree = "<group>"; };
		2114ADCB0D3566D4F3ACCBF1 /* SuccessView.swift */ = {isa = PBXFileReference; includeInIndex = 1; lastKnownFileType = sourcecode.swift; name = SuccessView.swift; path = Modules/Authentication/Presentation/Screens/RecoverPassword/RecoverPasswordSuccess/SuccessView.swift; sourceTree = "<group>"; };
		21E8991468337B6B292031E0 /* AllergensBuilder.swift */ = {isa = PBXFileReference; includeInIndex = 1; lastKnownFileType = sourcecode.swift; name = AllergensBuilder.swift; path = Modules/Menu/Presentation/Screens/Allergens/AllergensBuilder.swift; sourceTree = "<group>"; };
		22C2F1EB8DCF55D767993BB2 /* RegisterView.swift */ = {isa = PBXFileReference; includeInIndex = 1; lastKnownFileType = sourcecode.swift; name = RegisterView.swift; path = Modules/Authentication/Presentation/Screens/Register/RegisterView.swift; sourceTree = "<group>"; };
		294961A9B1A0B732DCD469D8 /* NewPasswordView.swift */ = {isa = PBXFileReference; includeInIndex = 1; lastKnownFileType = sourcecode.swift; name = NewPasswordView.swift; path = Modules/Authentication/Presentation/Screens/NewPassword/NewPasswordView.swift; sourceTree = "<group>"; };
		2987B3EEEDD200CE403D7860 /* MenuBuilder.swift */ = {isa = PBXFileReference; includeInIndex = 1; lastKnownFileType = sourcecode.swift; name = MenuBuilder.swift; path = Modules/Menu/Presentation/Screens/Menu/MenuBuilder.swift; sourceTree = "<group>"; };
		2A3F3C271C9032ECC0EA2AC4 /* AuthRepository.swift */ = {isa = PBXFileReference; includeInIndex = 1; lastKnownFileType = sourcecode.swift; name = AuthRepository.swift; path = Modules/Authentication/Data/Repository/Auth/AuthRepository.swift; sourceTree = "<group>"; };
		2DC76055F1F79F63F632F362 /* RegisterRemoteDataSourceProtocol.swift */ = {isa = PBXFileReference; includeInIndex = 1; lastKnownFileType = sourcecode.swift; name = RegisterRemoteDataSourceProtocol.swift; path = Modules/Authentication/Data/Datasource/Register/Remote/RegisterRemoteDataSourceProtocol.swift; sourceTree = "<group>"; };
		5F29B701B1821D9DC654B00F /* ProductDetailView.swift */ = {isa = PBXFileReference; includeInIndex = 1; lastKnownFileType = sourcecode.swift; name = ProductDetailView.swift; path = Modules/Menu/Presentation/Screens/ProductDetail/ProductDetailView.swift; sourceTree = "<group>"; };
		63D15E4227D2CBB5BDDBE73D /* AuthSwitcherBuilder.swift */ = {isa = PBXFileReference; includeInIndex = 1; lastKnownFileType = sourcecode.swift; name = AuthSwitcherBuilder.swift; path = Modules/Authentication/Presentation/Screens/AuthSwitcher/AuthSwitcherBuilder.swift; sourceTree = "<group>"; };
		63F5369149014C6FF030AAB0 /* OrderRepositoryFake.swift */ = {isa = PBXFileReference; includeInIndex = 1; lastKnownFileType = sourcecode.swift; name = OrderRepositoryFake.swift; path = Gula/Modules/Authentication/GulaTests/Domain/UseCase/Order/OrderRepositoryFake.swift; sourceTree = "<group>"; };
		6724F4E70763921B07957318 /* RegisterBuilder.swift */ = {isa = PBXFileReference; includeInIndex = 1; lastKnownFileType = sourcecode.swift; name = RegisterBuilder.swift; path = Modules/Authentication/Presentation/Screens/Register/RegisterBuilder.swift; sourceTree = "<group>"; };
		6B09CAFFAAC348C3424B1609 /* LoginBuilder.swift */ = {isa = PBXFileReference; includeInIndex = 1; lastKnownFileType = sourcecode.swift; name = LoginBuilder.swift; path = Modules/Authentication/Presentation/Screens/Login/LoginBuilder.swift; sourceTree = "<group>"; };
		6F1130284EE6D72E9737B20C /* AuthUseCaseProtocol.swift */ = {isa = PBXFileReference; includeInIndex = 1; lastKnownFileType = sourcecode.swift; name = AuthUseCaseProtocol.swift; path = Modules/Authentication/Domain/UseCase/Auth/AuthUseCaseProtocol.swift; sourceTree = "<group>"; };
		78403699C0CC79DA6DB0FEF4 /* AuthRemoteDataSourceProtocol.swift */ = {isa = PBXFileReference; includeInIndex = 1; lastKnownFileType = sourcecode.swift; name = AuthRemoteDataSourceProtocol.swift; path = Modules/Authentication/Data/Datasource/Auth/Remote/AuthRemoteDataSourceProtocol.swift; sourceTree = "<group>"; };
		9278B3DB43B73B5B6BE831E8 /* LoginView.swift */ = {isa = PBXFileReference; includeInIndex = 1; lastKnownFileType = sourcecode.swift; name = LoginView.swift; path = Modules/Authentication/Presentation/Screens/Login/LoginView.swift; sourceTree = "<group>"; };
		9493525AF2E441273CC52E6D /* AuthRepositoryProtocol.swift */ = {isa = PBXFileReference; includeInIndex = 1; lastKnownFileType = sourcecode.swift; name = AuthRepositoryProtocol.swift; path = Modules/Authentication/Domain/RepositoryProtocols/Auth/AuthRepositoryProtocol.swift; sourceTree = "<group>"; };
		9806626E716F0853FA9C7CD4 /* MenuViewModel.swift */ = {isa = PBXFileReference; includeInIndex = 1; lastKnownFileType = sourcecode.swift; name = MenuViewModel.swift; path = Modules/Menu/Presentation/Screens/Menu/MenuViewModel.swift; sourceTree = "<group>"; };
		9DD66975828531E6084350C7 /* AllergensView.swift */ = {isa = PBXFileReference; includeInIndex = 1; lastKnownFileType = sourcecode.swift; name = AllergensView.swift; path = Modules/Menu/Presentation/Screens/Allergens/AllergensView.swift; sourceTree = "<group>"; };
		9EBC9447EE7261C08DE6E698 /* RegisterConfirmationView.swift */ = {isa = PBXFileReference; includeInIndex = 1; lastKnownFileType = sourcecode.swift; name = RegisterConfirmationView.swift; path = Modules/Authentication/Presentation/Screens/Register/ConfirmationScreen/RegisterConfirmationView.swift; sourceTree = "<group>"; };
		A8574853699289AF1FBA2B34 /* RegisterRepository.swift */ = {isa = PBXFileReference; includeInIndex = 1; lastKnownFileType = sourcecode.swift; name = RegisterRepository.swift; path = Modules/Authentication/Data/Repository/Register/RegisterRepository.swift; sourceTree = "<group>"; };
		AA01553E787744FDE65D31D8 /* AuthSwitcherView.swift */ = {isa = PBXFileReference; includeInIndex = 1; lastKnownFileType = sourcecode.swift; name = AuthSwitcherView.swift; path = Modules/Authentication/Presentation/Screens/AuthSwitcher/AuthSwitcherView.swift; sourceTree = "<group>"; };
		B0387CA002F245BB17E75064 /* RegisterCompletedBuilder.swift */ = {isa = PBXFileReference; includeInIndex = 1; lastKnownFileType = sourcecode.swift; name = RegisterCompletedBuilder.swift; path = Modules/Authentication/Presentation/Screens/Register/RegisterCompleted/RegisterCompletedBuilder.swift; sourceTree = "<group>"; };
		B3E923D3C21F826C1CC3597F /* AuthSwitcherViewModel.swift */ = {isa = PBXFileReference; includeInIndex = 1; lastKnownFileType = sourcecode.swift; name = AuthSwitcherViewModel.swift; path = Modules/Authentication/Presentation/Screens/AuthSwitcher/AuthSwitcherViewModel.swift; sourceTree = "<group>"; };
		B756F6E1E95F6CE43CB8AFA6 /* SuccessBuilder.swift */ = {isa = PBXFileReference; includeInIndex = 1; lastKnownFileType = sourcecode.swift; name = SuccessBuilder.swift; path = Modules/Authentication/Presentation/Screens/RecoverPassword/RecoverPasswordSuccess/SuccessBuilder.swift; sourceTree = "<group>"; };
		BB883DD5A93FA09CA77D0059 /* configuration.authentication.gula */ = {isa = PBXFileReference; includeInIndex = 1; lastKnownFileType = text; name = configuration.authentication.gula; path = Gula/Modules/Authentication/configuration.authentication.gula; sourceTree = "<group>"; };
		BC35D08799CC888642401054 /* RegisterUseCaseProtocol.swift */ = {isa = PBXFileReference; includeInIndex = 1; lastKnownFileType = sourcecode.swift; name = RegisterUseCaseProtocol.swift; path = Modules/Authentication/Domain/UseCase/Register/RegisterUseCaseProtocol.swift; sourceTree = "<group>"; };
		C1AAF6DB2C86304B006E563B /* testgula.app */ = {isa = PBXFileReference; explicitFileType = wrapper.application; includeInIndex = 0; path = testgula.app; sourceTree = BUILT_PRODUCTS_DIR; };
		C1AAF6DE2C86304B006E563B /* testgulaApp.swift */ = {isa = PBXFileReference; lastKnownFileType = sourcecode.swift; path = testgulaApp.swift; sourceTree = "<group>"; };
		C1AAF6E02C86304B006E563B /* ContentView.swift */ = {isa = PBXFileReference; lastKnownFileType = sourcecode.swift; path = ContentView.swift; sourceTree = "<group>"; };
		C1AAF6E22C86304B006E563B /* Item.swift */ = {isa = PBXFileReference; lastKnownFileType = sourcecode.swift; path = Item.swift; sourceTree = "<group>"; };
		C1AAF6E42C86304C006E563B /* Assets.xcassets */ = {isa = PBXFileReference; lastKnownFileType = folder.assetcatalog; path = Assets.xcassets; sourceTree = "<group>"; };
		C1AAF6E72C86304C006E563B /* Preview Assets.xcassets */ = {isa = PBXFileReference; lastKnownFileType = folder.assetcatalog; path = "Preview Assets.xcassets"; sourceTree = "<group>"; };
		C1AAF6ED2C86304C006E563B /* testgulaTests.xctest */ = {isa = PBXFileReference; explicitFileType = wrapper.cfbundle; includeInIndex = 0; path = testgulaTests.xctest; sourceTree = BUILT_PRODUCTS_DIR; };
		C1AAF6F12C86304C006E563B /* testgulaTests.swift */ = {isa = PBXFileReference; lastKnownFileType = sourcecode.swift; path = testgulaTests.swift; sourceTree = "<group>"; };
		C1AAF6F72C86304C006E563B /* testgulaUITests.xctest */ = {isa = PBXFileReference; explicitFileType = wrapper.cfbundle; includeInIndex = 0; path = testgulaUITests.xctest; sourceTree = BUILT_PRODUCTS_DIR; };
		C1AAF6FB2C86304C006E563B /* testgulaUITests.swift */ = {isa = PBXFileReference; lastKnownFileType = sourcecode.swift; path = testgulaUITests.swift; sourceTree = "<group>"; };
		C1AAF6FD2C86304C006E563B /* testgulaUITestsLaunchTests.swift */ = {isa = PBXFileReference; lastKnownFileType = sourcecode.swift; path = testgulaUITestsLaunchTests.swift; sourceTree = "<group>"; };
		C1B1614F62BACF8CDC9BB123 /* RegisterConfirmationBuilder.swift */ = {isa = PBXFileReference; includeInIndex = 1; lastKnownFileType = sourcecode.swift; name = RegisterConfirmationBuilder.swift; path = Modules/Authentication/Presentation/Screens/Register/ConfirmationScreen/RegisterConfirmationBuilder.swift; sourceTree = "<group>"; };
		C1E562C20C90C6D4BFF85BB2 /* SuccessViewModel.swift */ = {isa = PBXFileReference; includeInIndex = 1; lastKnownFileType = sourcecode.swift; name = SuccessViewModel.swift; path = Modules/Authentication/Presentation/Screens/RecoverPassword/RecoverPasswordSuccess/SuccessViewModel.swift; sourceTree = "<group>"; };
		C35B4771132F877AC5593866 /* MenuView.swift */ = {isa = PBXFileReference; includeInIndex = 1; lastKnownFileType = sourcecode.swift; name = MenuView.swift; path = Modules/Menu/Presentation/Screens/Menu/MenuView.swift; sourceTree = "<group>"; };
		C3BB3093488463FF11B1B65C /* RegisterConfirmationViewModel.swift */ = {isa = PBXFileReference; includeInIndex = 1; lastKnownFileType = sourcecode.swift; name = RegisterConfirmationViewModel.swift; path = Modules/Authentication/Presentation/Screens/Register/ConfirmationScreen/RegisterConfirmationViewModel.swift; sourceTree = "<group>"; };
		C58392AA764036DECE678CBF /* RegisterRepositoryProtocol.swift */ = {isa = PBXFileReference; includeInIndex = 1; lastKnownFileType = sourcecode.swift; name = RegisterRepositoryProtocol.swift; path = Modules/Authentication/Domain/RepositoryProtocols/Register/RegisterRepositoryProtocol.swift; sourceTree = "<group>"; };
		C7E401A97A7F5EB117C55006 /* Gula.xctestplan */ = {isa = PBXFileReference; includeInIndex = 1; lastKnownFileType = text; name = Gula.xctestplan; path = Gula/Modules/Authentication/Gula.xctestplan; sourceTree = "<group>"; };
		E4CFA1BE888D358EAADF7FE1 /* README.md */ = {isa = PBXFileReference; includeInIndex = 1; lastKnownFileType = net.daringfireball.markdown; name = README.md; path = Gula/Modules/Authentication/README.md; sourceTree = "<group>"; };
		E60AFE2D728AF1C03DAFB965 /* ProductDetailViewModel.swift */ = {isa = PBXFileReference; includeInIndex = 1; lastKnownFileType = sourcecode.swift; name = ProductDetailViewModel.swift; path = Modules/Menu/Presentation/Screens/ProductDetail/ProductDetailViewModel.swift; sourceTree = "<group>"; };
		EC0EC572E12C854F96F1B3D8 /* LoginViewModel.swift */ = {isa = PBXFileReference; includeInIndex = 1; lastKnownFileType = sourcecode.swift; name = LoginViewModel.swift; path = Modules/Authentication/Presentation/Screens/Login/LoginViewModel.swift; sourceTree = "<group>"; };
		EE61E89552E9AD73B9626A9C /* MenuUseCaseTests.swift */ = {isa = PBXFileReference; includeInIndex = 1; lastKnownFileType = sourcecode.swift; name = MenuUseCaseTests.swift; path = Gula/Modules/Authentication/GulaTests/Domain/UseCase/Menu/MenuUseCaseTests.swift; sourceTree = "<group>"; };
		F06B02ACC635CA04DE542EF4 /* RecoverPasswordView.swift */ = {isa = PBXFileReference; includeInIndex = 1; lastKnownFileType = sourcecode.swift; name = RecoverPasswordView.swift; path = Modules/Authentication/Presentation/Screens/RecoverPassword/RecoverPasswordView.swift; sourceTree = "<group>"; };
		F18AC94768D482D020B60DF9 /* RecoverPasswordBuilder.swift */ = {isa = PBXFileReference; includeInIndex = 1; lastKnownFileType = sourcecode.swift; name = RecoverPasswordBuilder.swift; path = Modules/Authentication/Presentation/Screens/RecoverPassword/RecoverPasswordBuilder.swift; sourceTree = "<group>"; };
		F403E5EC798B57197297B11E /* AuthRemoteDataSource.swift */ = {isa = PBXFileReference; includeInIndex = 1; lastKnownFileType = sourcecode.swift; name = AuthRemoteDataSource.swift; path = Modules/Authentication/Data/Datasource/Auth/Remote/AuthRemoteDataSource.swift; sourceTree = "<group>"; };
		F5B18BD3DEE328CCBF6F18ED /* OrderUseCaseTests.swift */ = {isa = PBXFileReference; includeInIndex = 1; lastKnownFileType = sourcecode.swift; name = OrderUseCaseTests.swift; path = Gula/Modules/Authentication/GulaTests/Domain/UseCase/Order/OrderUseCaseTests.swift; sourceTree = "<group>"; };
		FB37809F02B047E6C1388358 /* RecoverPasswordViewModel.swift */ = {isa = PBXFileReference; includeInIndex = 1; lastKnownFileType = sourcecode.swift; name = RecoverPasswordViewModel.swift; path = Modules/Authentication/Presentation/Screens/RecoverPassword/RecoverPasswordViewModel.swift; sourceTree = "<group>"; };
		FBB8C4480C655CA2582B0A2A /* MenuRepositoryFake.swift */ = {isa = PBXFileReference; includeInIndex = 1; lastKnownFileType = sourcecode.swift; name = MenuRepositoryFake.swift; path = Gula/Modules/Authentication/GulaTests/Domain/UseCase/Menu/MenuRepositoryFake.swift; sourceTree = "<group>"; };
		FC82C20566E1542F30FAFECF /* ProductDetailBuilder.swift */ = {isa = PBXFileReference; includeInIndex = 1; lastKnownFileType = sourcecode.swift; name = ProductDetailBuilder.swift; path = Modules/Menu/Presentation/Screens/ProductDetail/ProductDetailBuilder.swift; sourceTree = "<group>"; };
/* End PBXFileReference section */

/* Begin PBXFrameworksBuildPhase section */
		C1AAF6D82C86304B006E563B /* Frameworks */ = {
			isa = PBXFrameworksBuildPhase;
			buildActionMask = 2147483647;
			files = (
			);
			runOnlyForDeploymentPostprocessing = 0;
		};
		C1AAF6EA2C86304C006E563B /* Frameworks */ = {
			isa = PBXFrameworksBuildPhase;
			buildActionMask = 2147483647;
			files = (
			);
			runOnlyForDeploymentPostprocessing = 0;
		};
		C1AAF6F42C86304C006E563B /* Frameworks */ = {
			isa = PBXFrameworksBuildPhase;
			buildActionMask = 2147483647;
			files = (
			);
			runOnlyForDeploymentPostprocessing = 0;
		};
/* End PBXFrameworksBuildPhase section */

/* Begin PBXGroup section */
		04EC81AF81ECB59A228616D0 /* AuthSwitcher */ = {
			isa = PBXGroup;
			children = (
				B3E923D3C21F826C1CC3597F /* AuthSwitcherViewModel.swift */,
				AA01553E787744FDE65D31D8 /* AuthSwitcherView.swift */,
				63D15E4227D2CBB5BDDBE73D /* AuthSwitcherBuilder.swift */,
			);
			name = AuthSwitcher;
			sourceTree = "<group>";
		};
		09C79137D7EBEE12DB981922 /* Register */ = {
			isa = PBXGroup;
			children = (
				B0FCF78D116E0A055B94F695 /* RegisterCompleted */,
				AD29541EE7693F6625EC0C96 /* ConfirmationScreen */,
				22C2F1EB8DCF55D767993BB2 /* RegisterView.swift */,
				6724F4E70763921B07957318 /* RegisterBuilder.swift */,
				089A6A4BEADDE7175B9DA1FC /* RegisterViewModel.swift */,
			);
			name = Register;
			sourceTree = "<group>";
		};
		0D2A44823DA502A2ACE7B75A /* Allergens */ = {
			isa = PBXGroup;
			children = (
				9DD66975828531E6084350C7 /* AllergensView.swift */,
				21E8991468337B6B292031E0 /* AllergensBuilder.swift */,
				1B1980C9C2B2B77D5B070236 /* AllergensViewModel.swift */,
			);
			name = Allergens;
			sourceTree = "<group>";
		};
		105DCD16D6920B7FE2B70BF0 /* Menu */ = {
			isa = PBXGroup;
			children = (
				6AE3CEDD2848BF02FDEE297E /* Presentation */,
			);
			name = Menu;
			sourceTree = "<group>";
		};
		13302B6D24D0B857E1641337 /* Screens */ = {
			isa = PBXGroup;
			children = (
				9EF75BCCA20473C19820B0C0 /* NewPassword */,
				09C79137D7EBEE12DB981922 /* Register */,
				04EC81AF81ECB59A228616D0 /* AuthSwitcher */,
				6A1AD348C13541148399B757 /* Login */,
				33DD1381CE5DA272E1F94A9B /* RecoverPassword */,
			);
			name = Screens;
			sourceTree = "<group>";
		};
		17349FA80D16E7288C842A36 /* Screens */ = {
			isa = PBXGroup;
			children = (
				48B1B5567DF2C7945CD8B004 /* ProductDetail */,
				0D2A44823DA502A2ACE7B75A /* Allergens */,
				48DF498353BCF35BF72D8AEC /* Menu */,
			);
			name = Screens;
			sourceTree = "<group>";
		};
		1B205121B1AE976ED732DA6E /* RepositoryProtocols */ = {
			isa = PBXGroup;
			children = (
				A9B08373133AFF8231A47C1F /* Auth */,
				64FEAD6BF9AF6BFC61DE24FE /* Register */,
			);
			name = RepositoryProtocols;
			sourceTree = "<group>";
		};
		2B403C12C2071D986038E0FF /* Order */ = {
			isa = PBXGroup;
			children = (
				63F5369149014C6FF030AAB0 /* OrderRepositoryFake.swift */,
				F5B18BD3DEE328CCBF6F18ED /* OrderUseCaseTests.swift */,
			);
			name = Order;
			sourceTree = "<group>";
		};
		33DD1381CE5DA272E1F94A9B /* RecoverPassword */ = {
			isa = PBXGroup;
			children = (
				FB37809F02B047E6C1388358 /* RecoverPasswordViewModel.swift */,
				9B2B9FFBDC21817026462A75 /* RecoverPasswordSuccess */,
				F06B02ACC635CA04DE542EF4 /* RecoverPasswordView.swift */,
				F18AC94768D482D020B60DF9 /* RecoverPasswordBuilder.swift */,
			);
			name = RecoverPassword;
			sourceTree = "<group>";
		};
		37B4A7F3F51EFFFBDDC5383E /* Domain */ = {
			isa = PBXGroup;
			children = (
				1B205121B1AE976ED732DA6E /* RepositoryProtocols */,
				A4DF7885CFFE3E72FEC7EF8A /* UseCase */,
			);
			name = Domain;
			sourceTree = "<group>";
		};
		4232589518EE8224D6F75093 /* Remote */ = {
			isa = PBXGroup;
			children = (
				78403699C0CC79DA6DB0FEF4 /* AuthRemoteDataSourceProtocol.swift */,
				F403E5EC798B57197297B11E /* AuthRemoteDataSource.swift */,
			);
			name = Remote;
			sourceTree = "<group>";
		};
		43EDDC59F07EAF42DADA5755 /* Repository */ = {
			isa = PBXGroup;
			children = (
				7B4D275F1BAB2F2E9FB1DE30 /* Auth */,
				C7E6F77E28055A5423FEA9F5 /* Register */,
			);
			name = Repository;
			sourceTree = "<group>";
		};
		48B1B5567DF2C7945CD8B004 /* ProductDetail */ = {
			isa = PBXGroup;
			children = (
				E60AFE2D728AF1C03DAFB965 /* ProductDetailViewModel.swift */,
				5F29B701B1821D9DC654B00F /* ProductDetailView.swift */,
				FC82C20566E1542F30FAFECF /* ProductDetailBuilder.swift */,
			);
			name = ProductDetail;
			sourceTree = "<group>";
		};
		48DF498353BCF35BF72D8AEC /* Menu */ = {
			isa = PBXGroup;
			children = (
				9806626E716F0853FA9C7CD4 /* MenuViewModel.swift */,
				2987B3EEEDD200CE403D7860 /* MenuBuilder.swift */,
				C35B4771132F877AC5593866 /* MenuView.swift */,
			);
			name = Menu;
			sourceTree = "<group>";
		};
		4DE2DB86CBCF13750FEBC42D /* Auth */ = {
			isa = PBXGroup;
			children = (
				0DB81D8518365571AF45B972 /* AuthUseCase.swift */,
				6F1130284EE6D72E9737B20C /* AuthUseCaseProtocol.swift */,
			);
			name = Auth;
			sourceTree = "<group>";
		};
		4E14507A3A4453E6522D6BF3 /* Register */ = {
			isa = PBXGroup;
			children = (
				BC35D08799CC888642401054 /* RegisterUseCaseProtocol.swift */,
				04871842DAA97D4C00A61C9C /* RegisterUseCase.swift */,
			);
			name = Register;
			sourceTree = "<group>";
		};
		4EC1FA5EFA5450E7768D5C0A /* Domain */ = {
			isa = PBXGroup;
			children = (
				60F17084CA4AB6C849B9B168 /* UseCase */,
			);
			name = Domain;
			sourceTree = "<group>";
		};
		5A381D03C2953C85E161B7E8 /* Datasource */ = {
			isa = PBXGroup;
			children = (
				6DB56ACFB8CEA52B329CC9BA /* Auth */,
				96FE5976AEDA10B4E3CEBEF6 /* Register */,
			);
			name = Datasource;
			sourceTree = "<group>";
		};
		5E1EE3EEC58BA7B630A3A944 /* Presentation */ = {
			isa = PBXGroup;
			children = (
				13302B6D24D0B857E1641337 /* Screens */,
			);
			name = Presentation;
			sourceTree = "<group>";
		};
		60F17084CA4AB6C849B9B168 /* UseCase */ = {
			isa = PBXGroup;
			children = (
				2B403C12C2071D986038E0FF /* Order */,
				FABC9873F8683B23B1F8BF48 /* Menu */,
			);
			name = UseCase;
			sourceTree = "<group>";
		};
		64FEAD6BF9AF6BFC61DE24FE /* Register */ = {
			isa = PBXGroup;
			children = (
				C58392AA764036DECE678CBF /* RegisterRepositoryProtocol.swift */,
			);
			name = Register;
			sourceTree = "<group>";
		};
		6A1AD348C13541148399B757 /* Login */ = {
			isa = PBXGroup;
			children = (
				EC0EC572E12C854F96F1B3D8 /* LoginViewModel.swift */,
				9278B3DB43B73B5B6BE831E8 /* LoginView.swift */,
				6B09CAFFAAC348C3424B1609 /* LoginBuilder.swift */,
			);
			name = Login;
			sourceTree = "<group>";
		};
		6AE3CEDD2848BF02FDEE297E /* Presentation */ = {
			isa = PBXGroup;
			children = (
				17349FA80D16E7288C842A36 /* Screens */,
			);
			name = Presentation;
			sourceTree = "<group>";
		};
		6DB56ACFB8CEA52B329CC9BA /* Auth */ = {
			isa = PBXGroup;
			children = (
				4232589518EE8224D6F75093 /* Remote */,
			);
			name = Auth;
			sourceTree = "<group>";
		};
		7AA5B551EFE15BD3BB6E5C1C /* Authentication */ = {
			isa = PBXGroup;
			children = (
				FDB769815DBBB7CF641EBE41 /* Data */,
				37B4A7F3F51EFFFBDDC5383E /* Domain */,
				5E1EE3EEC58BA7B630A3A944 /* Presentation */,
			);
			name = Authentication;
			sourceTree = "<group>";
		};
		7B4D275F1BAB2F2E9FB1DE30 /* Auth */ = {
			isa = PBXGroup;
			children = (
				2A3F3C271C9032ECC0EA2AC4 /* AuthRepository.swift */,
			);
			name = Auth;
			sourceTree = "<group>";
		};
		94EFC63BA738BCCCD7126AA1 /* Modules */ = {
			isa = PBXGroup;
			children = (
				7AA5B551EFE15BD3BB6E5C1C /* Authentication */,
				105DCD16D6920B7FE2B70BF0 /* Menu */,
			);
			name = Modules;
			sourceTree = "<group>";
		};
		96FE5976AEDA10B4E3CEBEF6 /* Register */ = {
			isa = PBXGroup;
			children = (
				A40BE63B9F4FB074B5803351 /* Remote */,
			);
			name = Register;
			sourceTree = "<group>";
		};
		9B2B9FFBDC21817026462A75 /* RecoverPasswordSuccess */ = {
			isa = PBXGroup;
			children = (
				B756F6E1E95F6CE43CB8AFA6 /* SuccessBuilder.swift */,
				C1E562C20C90C6D4BFF85BB2 /* SuccessViewModel.swift */,
				2114ADCB0D3566D4F3ACCBF1 /* SuccessView.swift */,
			);
			name = RecoverPasswordSuccess;
			sourceTree = "<group>";
		};
		9EF75BCCA20473C19820B0C0 /* NewPassword */ = {
			isa = PBXGroup;
			children = (
				11F2DACAFE0FE9BCE16510DE /* NewPasswordBuilder.swift */,
				0B3C4FEFCCC112020F5ECA63 /* NewPasswordViewModel.swift */,
				294961A9B1A0B732DCD469D8 /* NewPasswordView.swift */,
			);
			name = NewPassword;
			sourceTree = "<group>";
		};
		A40BE63B9F4FB074B5803351 /* Remote */ = {
			isa = PBXGroup;
			children = (
				2DC76055F1F79F63F632F362 /* RegisterRemoteDataSourceProtocol.swift */,
				1CFC4CDDD708A45412C15BF2 /* RegisterRemoteDataSource.swift */,
			);
			name = Remote;
			sourceTree = "<group>";
		};
		A4DF7885CFFE3E72FEC7EF8A /* UseCase */ = {
			isa = PBXGroup;
			children = (
				4DE2DB86CBCF13750FEBC42D /* Auth */,
				4E14507A3A4453E6522D6BF3 /* Register */,
			);
			name = UseCase;
			sourceTree = "<group>";
		};
		A9884EC0716027BEB19F35E2 /* GulaTests */ = {
			isa = PBXGroup;
			children = (
				4EC1FA5EFA5450E7768D5C0A /* Domain */,
			);
			name = GulaTests;
			sourceTree = "<group>";
		};
		A9B08373133AFF8231A47C1F /* Auth */ = {
			isa = PBXGroup;
			children = (
				9493525AF2E441273CC52E6D /* AuthRepositoryProtocol.swift */,
			);
			name = Auth;
			sourceTree = "<group>";
		};
		AD29541EE7693F6625EC0C96 /* ConfirmationScreen */ = {
			isa = PBXGroup;
			children = (
				C1B1614F62BACF8CDC9BB123 /* RegisterConfirmationBuilder.swift */,
				C3BB3093488463FF11B1B65C /* RegisterConfirmationViewModel.swift */,
				9EBC9447EE7261C08DE6E698 /* RegisterConfirmationView.swift */,
			);
			name = ConfirmationScreen;
			sourceTree = "<group>";
		};
		B0FCF78D116E0A055B94F695 /* RegisterCompleted */ = {
			isa = PBXGroup;
			children = (
				1176491CD610F8D8E3E6B172 /* RegisterCompletedViewModel.swift */,
				1C6E2B60A52B58DF17A1C1CA /* RegisterCompletedView.swift */,
				B0387CA002F245BB17E75064 /* RegisterCompletedBuilder.swift */,
			);
			name = RegisterCompleted;
			sourceTree = "<group>";
		};
		C1AAF6D22C86304B006E563B = {
			isa = PBXGroup;
			children = (
				C1AAF6DD2C86304B006E563B /* testgula */,
				C1AAF6F02C86304C006E563B /* testgulaTests */,
				C1AAF6FA2C86304C006E563B /* testgulaUITests */,
				C1AAF6DC2C86304B006E563B /* Products */,
				A9884EC0716027BEB19F35E2 /* GulaTests */,
				BB883DD5A93FA09CA77D0059 /* configuration.authentication.gula */,
				E4CFA1BE888D358EAADF7FE1 /* README.md */,
				C7E401A97A7F5EB117C55006 /* Gula.xctestplan */,
			);
			sourceTree = "<group>";
		};
		C1AAF6DC2C86304B006E563B /* Products */ = {
			isa = PBXGroup;
			children = (
				C1AAF6DB2C86304B006E563B /* testgula.app */,
				C1AAF6ED2C86304C006E563B /* testgulaTests.xctest */,
				C1AAF6F72C86304C006E563B /* testgulaUITests.xctest */,
			);
			name = Products;
			sourceTree = "<group>";
		};
		C1AAF6DD2C86304B006E563B /* testgula */ = {
			isa = PBXGroup;
			children = (
				C1AAF6DE2C86304B006E563B /* testgulaApp.swift */,
				C1AAF6E02C86304B006E563B /* ContentView.swift */,
				C1AAF6E22C86304B006E563B /* Item.swift */,
				C1AAF6E42C86304C006E563B /* Assets.xcassets */,
				C1AAF6E62C86304C006E563B /* Preview Content */,
				94EFC63BA738BCCCD7126AA1 /* Modules */,
			);
			path = testgula;
			sourceTree = "<group>";
		};
		C1AAF6E62C86304C006E563B /* Preview Content */ = {
			isa = PBXGroup;
			children = (
				C1AAF6E72C86304C006E563B /* Preview Assets.xcassets */,
			);
			path = "Preview Content";
			sourceTree = "<group>";
		};
		C1AAF6F02C86304C006E563B /* testgulaTests */ = {
			isa = PBXGroup;
			children = (
				C1AAF6F12C86304C006E563B /* testgulaTests.swift */,
			);
			path = testgulaTests;
			sourceTree = "<group>";
		};
		C1AAF6FA2C86304C006E563B /* testgulaUITests */ = {
			isa = PBXGroup;
			children = (
				C1AAF6FB2C86304C006E563B /* testgulaUITests.swift */,
				C1AAF6FD2C86304C006E563B /* testgulaUITestsLaunchTests.swift */,
			);
			path = testgulaUITests;
			sourceTree = "<group>";
		};
		C7E6F77E28055A5423FEA9F5 /* Register */ = {
			isa = PBXGroup;
			children = (
				A8574853699289AF1FBA2B34 /* RegisterRepository.swift */,
			);
			name = Register;
			sourceTree = "<group>";
		};
		FABC9873F8683B23B1F8BF48 /* Menu */ = {
			isa = PBXGroup;
			children = (
				EE61E89552E9AD73B9626A9C /* MenuUseCaseTests.swift */,
				FBB8C4480C655CA2582B0A2A /* MenuRepositoryFake.swift */,
			);
			name = Menu;
			sourceTree = "<group>";
		};
		FDB769815DBBB7CF641EBE41 /* Data */ = {
			isa = PBXGroup;
			children = (
				5A381D03C2953C85E161B7E8 /* Datasource */,
				43EDDC59F07EAF42DADA5755 /* Repository */,
			);
			name = Data;
			sourceTree = "<group>";
		};
/* End PBXGroup section */

/* Begin PBXNativeTarget section */
		C1AAF6DA2C86304B006E563B /* testgula */ = {
			isa = PBXNativeTarget;
			buildConfigurationList = C1AAF7012C86304C006E563B /* Build configuration list for PBXNativeTarget "testgula" */;
			buildPhases = (
				C1AAF6D72C86304B006E563B /* Sources */,
				C1AAF6D82C86304B006E563B /* Frameworks */,
				C1AAF6D92C86304B006E563B /* Resources */,
			);
			buildRules = (
			);
			dependencies = (
			);
			name = testgula;
			productName = testgula;
			productReference = C1AAF6DB2C86304B006E563B /* testgula.app */;
			productType = "com.apple.product-type.application";
		};
		C1AAF6EC2C86304C006E563B /* testgulaTests */ = {
			isa = PBXNativeTarget;
			buildConfigurationList = C1AAF7042C86304C006E563B /* Build configuration list for PBXNativeTarget "testgulaTests" */;
			buildPhases = (
				C1AAF6E92C86304C006E563B /* Sources */,
				C1AAF6EA2C86304C006E563B /* Frameworks */,
				C1AAF6EB2C86304C006E563B /* Resources */,
			);
			buildRules = (
			);
			dependencies = (
				C1AAF6EF2C86304C006E563B /* PBXTargetDependency */,
			);
			name = testgulaTests;
			productName = testgulaTests;
			productReference = C1AAF6ED2C86304C006E563B /* testgulaTests.xctest */;
			productType = "com.apple.product-type.bundle.unit-test";
		};
		C1AAF6F62C86304C006E563B /* testgulaUITests */ = {
			isa = PBXNativeTarget;
			buildConfigurationList = C1AAF7072C86304C006E563B /* Build configuration list for PBXNativeTarget "testgulaUITests" */;
			buildPhases = (
				C1AAF6F32C86304C006E563B /* Sources */,
				C1AAF6F42C86304C006E563B /* Frameworks */,
				C1AAF6F52C86304C006E563B /* Resources */,
			);
			buildRules = (
			);
			dependencies = (
				C1AAF6F92C86304C006E563B /* PBXTargetDependency */,
			);
			name = testgulaUITests;
			productName = testgulaUITests;
			productReference = C1AAF6F72C86304C006E563B /* testgulaUITests.xctest */;
			productType = "com.apple.product-type.bundle.ui-testing";
		};
/* End PBXNativeTarget section */

/* Begin PBXProject section */
		C1AAF6D32C86304B006E563B /* Project object */ = {
			isa = PBXProject;
			attributes = {
				BuildIndependentTargetsInParallel = 1;
				LastSwiftUpdateCheck = 1540;
				LastUpgradeCheck = 1540;
				TargetAttributes = {
					C1AAF6DA2C86304B006E563B = {
						CreatedOnToolsVersion = 15.4;
					};
					C1AAF6EC2C86304C006E563B = {
						CreatedOnToolsVersion = 15.4;
						TestTargetID = C1AAF6DA2C86304B006E563B;
					};
					C1AAF6F62C86304C006E563B = {
						CreatedOnToolsVersion = 15.4;
						TestTargetID = C1AAF6DA2C86304B006E563B;
					};
				};
			};
			buildConfigurationList = C1AAF6D62C86304B006E563B /* Build configuration list for PBXProject "testgula" */;
			compatibilityVersion = "Xcode 14.0";
			developmentRegion = en;
			hasScannedForEncodings = 0;
			knownRegions = (
				en,
				Base,
			);
			mainGroup = C1AAF6D22C86304B006E563B;
			productRefGroup = C1AAF6DC2C86304B006E563B /* Products */;
			projectDirPath = "";
			projectRoot = "";
			targets = (
				C1AAF6DA2C86304B006E563B /* testgula */,
				C1AAF6EC2C86304C006E563B /* testgulaTests */,
				C1AAF6F62C86304C006E563B /* testgulaUITests */,
			);
		};
/* End PBXProject section */

/* Begin PBXResourcesBuildPhase section */
		C1AAF6D92C86304B006E563B /* Resources */ = {
			isa = PBXResourcesBuildPhase;
			buildActionMask = 2147483647;
			files = (
				C1AAF6E82C86304C006E563B /* Preview Assets.xcassets in Resources */,
				C1AAF6E52C86304C006E563B /* Assets.xcassets in Resources */,
			);
			runOnlyForDeploymentPostprocessing = 0;
		};
		C1AAF6EB2C86304C006E563B /* Resources */ = {
			isa = PBXResourcesBuildPhase;
			buildActionMask = 2147483647;
			files = (
			);
			runOnlyForDeploymentPostprocessing = 0;
		};
		C1AAF6F52C86304C006E563B /* Resources */ = {
			isa = PBXResourcesBuildPhase;
			buildActionMask = 2147483647;
			files = (
			);
			runOnlyForDeploymentPostprocessing = 0;
		};
/* End PBXResourcesBuildPhase section */

/* Begin PBXSourcesBuildPhase section */
		C1AAF6D72C86304B006E563B /* Sources */ = {
			isa = PBXSourcesBuildPhase;
			buildActionMask = 2147483647;
			files = (
				C1AAF6E12C86304B006E563B /* ContentView.swift in Sources */,
				C1AAF6E32C86304B006E563B /* Item.swift in Sources */,
				C1AAF6DF2C86304B006E563B /* testgulaApp.swift in Sources */,
				902C12A3559F0AFB16AA7D5B /* OrderRepositoryFake.swift in Sources */,
				1BEE3D474B46C2C3A5E4F313 /* OrderUseCaseTests.swift in Sources */,
				79175A77DC366C6B50E12382 /* MenuUseCaseTests.swift in Sources */,
				CC8FBC8D00C96B63BAA56A4D /* MenuRepositoryFake.swift in Sources */,
				7F329F63732F705654FB2EE8 /* configuration.authentication.gula in Sources */,
				B4395A175F6643257EA02B4E /* README.md in Sources */,
				DC161F62B0CDF99E16DD8102 /* Gula.xctestplan in Sources */,
			);
			runOnlyForDeploymentPostprocessing = 0;
		};
		C1AAF6E92C86304C006E563B /* Sources */ = {
			isa = PBXSourcesBuildPhase;
			buildActionMask = 2147483647;
			files = (
				C1AAF6F22C86304C006E563B /* testgulaTests.swift in Sources */,
			);
			runOnlyForDeploymentPostprocessing = 0;
		};
		C1AAF6F32C86304C006E563B /* Sources */ = {
			isa = PBXSourcesBuildPhase;
			buildActionMask = 2147483647;
			files = (
				C1AAF6FE2C86304C006E563B /* testgulaUITestsLaunchTests.swift in Sources */,
				C1AAF6FC2C86304C006E563B /* testgulaUITests.swift in Sources */,
			);
			runOnlyForDeploymentPostprocessing = 0;
		};
/* End PBXSourcesBuildPhase section */

/* Begin PBXTargetDependency section */
		C1AAF6EF2C86304C006E563B /* PBXTargetDependency */ = {
			isa = PBXTargetDependency;
			target = C1AAF6DA2C86304B006E563B /* testgula */;
			targetProxy = C1AAF6EE2C86304C006E563B /* PBXContainerItemProxy */;
		};
		C1AAF6F92C86304C006E563B /* PBXTargetDependency */ = {
			isa = PBXTargetDependency;
			target = C1AAF6DA2C86304B006E563B /* testgula */;
			targetProxy = C1AAF6F82C86304C006E563B /* PBXContainerItemProxy */;
		};
/* End PBXTargetDependency section */

/* Begin XCBuildConfiguration section */
		C1AAF6FF2C86304C006E563B /* Debug */ = {
			isa = XCBuildConfiguration;
			buildSettings = {
				ALWAYS_SEARCH_USER_PATHS = NO;
				ASSETCATALOG_COMPILER_GENERATE_SWIFT_ASSET_SYMBOL_EXTENSIONS = YES;
				CLANG_ANALYZER_NONNULL = YES;
				CLANG_ANALYZER_NUMBER_OBJECT_CONVERSION = YES_AGGRESSIVE;
				CLANG_CXX_LANGUAGE_STANDARD = "gnu++20";
				CLANG_ENABLE_MODULES = YES;
				CLANG_ENABLE_OBJC_ARC = YES;
				CLANG_ENABLE_OBJC_WEAK = YES;
				CLANG_WARN_BLOCK_CAPTURE_AUTORELEASING = YES;
				CLANG_WARN_BOOL_CONVERSION = YES;
				CLANG_WARN_COMMA = YES;
				CLANG_WARN_CONSTANT_CONVERSION = YES;
				CLANG_WARN_DEPRECATED_OBJC_IMPLEMENTATIONS = YES;
				CLANG_WARN_DIRECT_OBJC_ISA_USAGE = YES_ERROR;
				CLANG_WARN_DOCUMENTATION_COMMENTS = YES;
				CLANG_WARN_EMPTY_BODY = YES;
				CLANG_WARN_ENUM_CONVERSION = YES;
				CLANG_WARN_INFINITE_RECURSION = YES;
				CLANG_WARN_INT_CONVERSION = YES;
				CLANG_WARN_NON_LITERAL_NULL_CONVERSION = YES;
				CLANG_WARN_OBJC_IMPLICIT_RETAIN_SELF = YES;
				CLANG_WARN_OBJC_LITERAL_CONVERSION = YES;
				CLANG_WARN_OBJC_ROOT_CLASS = YES_ERROR;
				CLANG_WARN_QUOTED_INCLUDE_IN_FRAMEWORK_HEADER = YES;
				CLANG_WARN_RANGE_LOOP_ANALYSIS = YES;
				CLANG_WARN_STRICT_PROTOTYPES = YES;
				CLANG_WARN_SUSPICIOUS_MOVE = YES;
				CLANG_WARN_UNGUARDED_AVAILABILITY = YES_AGGRESSIVE;
				CLANG_WARN_UNREACHABLE_CODE = YES;
				CLANG_WARN__DUPLICATE_METHOD_MATCH = YES;
				COPY_PHASE_STRIP = NO;
				DEBUG_INFORMATION_FORMAT = dwarf;
				ENABLE_STRICT_OBJC_MSGSEND = YES;
				ENABLE_TESTABILITY = YES;
				ENABLE_USER_SCRIPT_SANDBOXING = YES;
				GCC_C_LANGUAGE_STANDARD = gnu17;
				GCC_DYNAMIC_NO_PIC = NO;
				GCC_NO_COMMON_BLOCKS = YES;
				GCC_OPTIMIZATION_LEVEL = 0;
				GCC_PREPROCESSOR_DEFINITIONS = (
					"DEBUG=1",
					"$(inherited)",
				);
				GCC_WARN_64_TO_32_BIT_CONVERSION = YES;
				GCC_WARN_ABOUT_RETURN_TYPE = YES_ERROR;
				GCC_WARN_UNDECLARED_SELECTOR = YES;
				GCC_WARN_UNINITIALIZED_AUTOS = YES_AGGRESSIVE;
				GCC_WARN_UNUSED_FUNCTION = YES;
				GCC_WARN_UNUSED_VARIABLE = YES;
				IPHONEOS_DEPLOYMENT_TARGET = 17.5;
				LOCALIZATION_PREFERS_STRING_CATALOGS = YES;
				MTL_ENABLE_DEBUG_INFO = INCLUDE_SOURCE;
				MTL_FAST_MATH = YES;
				ONLY_ACTIVE_ARCH = YES;
				SDKROOT = iphoneos;
				SWIFT_ACTIVE_COMPILATION_CONDITIONS = "DEBUG $(inherited)";
				SWIFT_OPTIMIZATION_LEVEL = "-Onone";
			};
			name = Debug;
		};
		C1AAF7002C86304C006E563B /* Release */ = {
			isa = XCBuildConfiguration;
			buildSettings = {
				ALWAYS_SEARCH_USER_PATHS = NO;
				ASSETCATALOG_COMPILER_GENERATE_SWIFT_ASSET_SYMBOL_EXTENSIONS = YES;
				CLANG_ANALYZER_NONNULL = YES;
				CLANG_ANALYZER_NUMBER_OBJECT_CONVERSION = YES_AGGRESSIVE;
				CLANG_CXX_LANGUAGE_STANDARD = "gnu++20";
				CLANG_ENABLE_MODULES = YES;
				CLANG_ENABLE_OBJC_ARC = YES;
				CLANG_ENABLE_OBJC_WEAK = YES;
				CLANG_WARN_BLOCK_CAPTURE_AUTORELEASING = YES;
				CLANG_WARN_BOOL_CONVERSION = YES;
				CLANG_WARN_COMMA = YES;
				CLANG_WARN_CONSTANT_CONVERSION = YES;
				CLANG_WARN_DEPRECATED_OBJC_IMPLEMENTATIONS = YES;
				CLANG_WARN_DIRECT_OBJC_ISA_USAGE = YES_ERROR;
				CLANG_WARN_DOCUMENTATION_COMMENTS = YES;
				CLANG_WARN_EMPTY_BODY = YES;
				CLANG_WARN_ENUM_CONVERSION = YES;
				CLANG_WARN_INFINITE_RECURSION = YES;
				CLANG_WARN_INT_CONVERSION = YES;
				CLANG_WARN_NON_LITERAL_NULL_CONVERSION = YES;
				CLANG_WARN_OBJC_IMPLICIT_RETAIN_SELF = YES;
				CLANG_WARN_OBJC_LITERAL_CONVERSION = YES;
				CLANG_WARN_OBJC_ROOT_CLASS = YES_ERROR;
				CLANG_WARN_QUOTED_INCLUDE_IN_FRAMEWORK_HEADER = YES;
				CLANG_WARN_RANGE_LOOP_ANALYSIS = YES;
				CLANG_WARN_STRICT_PROTOTYPES = YES;
				CLANG_WARN_SUSPICIOUS_MOVE = YES;
				CLANG_WARN_UNGUARDED_AVAILABILITY = YES_AGGRESSIVE;
				CLANG_WARN_UNREACHABLE_CODE = YES;
				CLANG_WARN__DUPLICATE_METHOD_MATCH = YES;
				COPY_PHASE_STRIP = NO;
				DEBUG_INFORMATION_FORMAT = "dwarf-with-dsym";
				ENABLE_NS_ASSERTIONS = NO;
				ENABLE_STRICT_OBJC_MSGSEND = YES;
				ENABLE_USER_SCRIPT_SANDBOXING = YES;
				GCC_C_LANGUAGE_STANDARD = gnu17;
				GCC_NO_COMMON_BLOCKS = YES;
				GCC_WARN_64_TO_32_BIT_CONVERSION = YES;
				GCC_WARN_ABOUT_RETURN_TYPE = YES_ERROR;
				GCC_WARN_UNDECLARED_SELECTOR = YES;
				GCC_WARN_UNINITIALIZED_AUTOS = YES_AGGRESSIVE;
				GCC_WARN_UNUSED_FUNCTION = YES;
				GCC_WARN_UNUSED_VARIABLE = YES;
				IPHONEOS_DEPLOYMENT_TARGET = 17.5;
				LOCALIZATION_PREFERS_STRING_CATALOGS = YES;
				MTL_ENABLE_DEBUG_INFO = NO;
				MTL_FAST_MATH = YES;
				SDKROOT = iphoneos;
				SWIFT_COMPILATION_MODE = wholemodule;
				VALIDATE_PRODUCT = YES;
			};
			name = Release;
		};
		C1AAF7022C86304C006E563B /* Debug */ = {
			isa = XCBuildConfiguration;
			buildSettings = {
				ASSETCATALOG_COMPILER_APPICON_NAME = AppIcon;
				ASSETCATALOG_COMPILER_GLOBAL_ACCENT_COLOR_NAME = AccentColor;
				CODE_SIGN_STYLE = Automatic;
				CURRENT_PROJECT_VERSION = 1;
				DEVELOPMENT_ASSET_PATHS = "\"testgula/Preview Content\"";
				DEVELOPMENT_TEAM = X8Z657K235;
				ENABLE_PREVIEWS = YES;
				GENERATE_INFOPLIST_FILE = YES;
				INFOPLIST_KEY_UIApplicationSceneManifest_Generation = YES;
				INFOPLIST_KEY_UIApplicationSupportsIndirectInputEvents = YES;
				INFOPLIST_KEY_UILaunchScreen_Generation = YES;
				INFOPLIST_KEY_UISupportedInterfaceOrientations_iPad = "UIInterfaceOrientationPortrait UIInterfaceOrientationPortraitUpsideDown UIInterfaceOrientationLandscapeLeft UIInterfaceOrientationLandscapeRight";
				INFOPLIST_KEY_UISupportedInterfaceOrientations_iPhone = "UIInterfaceOrientationPortrait UIInterfaceOrientationLandscapeLeft UIInterfaceOrientationLandscapeRight";
				LD_RUNPATH_SEARCH_PATHS = (
					"$(inherited)",
					"@executable_path/Frameworks",
				);
				MARKETING_VERSION = 1.0;
				PRODUCT_BUNDLE_IDENTIFIER = app.calendar.testgula;
				PRODUCT_NAME = "$(TARGET_NAME)";
				SWIFT_EMIT_LOC_STRINGS = YES;
				SWIFT_VERSION = 5.0;
				TARGETED_DEVICE_FAMILY = "1,2";
			};
			name = Debug;
		};
		C1AAF7032C86304C006E563B /* Release */ = {
			isa = XCBuildConfiguration;
			buildSettings = {
				ASSETCATALOG_COMPILER_APPICON_NAME = AppIcon;
				ASSETCATALOG_COMPILER_GLOBAL_ACCENT_COLOR_NAME = AccentColor;
				CODE_SIGN_STYLE = Automatic;
				CURRENT_PROJECT_VERSION = 1;
				DEVELOPMENT_ASSET_PATHS = "\"testgula/Preview Content\"";
				DEVELOPMENT_TEAM = X8Z657K235;
				ENABLE_PREVIEWS = YES;
				GENERATE_INFOPLIST_FILE = YES;
				INFOPLIST_KEY_UIApplicationSceneManifest_Generation = YES;
				INFOPLIST_KEY_UIApplicationSupportsIndirectInputEvents = YES;
				INFOPLIST_KEY_UILaunchScreen_Generation = YES;
				INFOPLIST_KEY_UISupportedInterfaceOrientations_iPad = "UIInterfaceOrientationPortrait UIInterfaceOrientationPortraitUpsideDown UIInterfaceOrientationLandscapeLeft UIInterfaceOrientationLandscapeRight";
				INFOPLIST_KEY_UISupportedInterfaceOrientations_iPhone = "UIInterfaceOrientationPortrait UIInterfaceOrientationLandscapeLeft UIInterfaceOrientationLandscapeRight";
				LD_RUNPATH_SEARCH_PATHS = (
					"$(inherited)",
					"@executable_path/Frameworks",
				);
				MARKETING_VERSION = 1.0;
				PRODUCT_BUNDLE_IDENTIFIER = app.calendar.testgula;
				PRODUCT_NAME = "$(TARGET_NAME)";
				SWIFT_EMIT_LOC_STRINGS = YES;
				SWIFT_VERSION = 5.0;
				TARGETED_DEVICE_FAMILY = "1,2";
			};
			name = Release;
		};
		C1AAF7052C86304C006E563B /* Debug */ = {
			isa = XCBuildConfiguration;
			buildSettings = {
				ALWAYS_EMBED_SWIFT_STANDARD_LIBRARIES = YES;
				BUNDLE_LOADER = "$(TEST_HOST)";
				CODE_SIGN_STYLE = Automatic;
				CURRENT_PROJECT_VERSION = 1;
				DEVELOPMENT_TEAM = X8Z657K235;
				GENERATE_INFOPLIST_FILE = YES;
				IPHONEOS_DEPLOYMENT_TARGET = 17.5;
				MARKETING_VERSION = 1.0;
				PRODUCT_BUNDLE_IDENTIFIER = app.calendar.testgulaTests;
				PRODUCT_NAME = "$(TARGET_NAME)";
				SWIFT_EMIT_LOC_STRINGS = NO;
				SWIFT_VERSION = 5.0;
				TARGETED_DEVICE_FAMILY = "1,2";
				TEST_HOST = "$(BUILT_PRODUCTS_DIR)/testgula.app/$(BUNDLE_EXECUTABLE_FOLDER_PATH)/testgula";
			};
			name = Debug;
		};
		C1AAF7062C86304C006E563B /* Release */ = {
			isa = XCBuildConfiguration;
			buildSettings = {
				ALWAYS_EMBED_SWIFT_STANDARD_LIBRARIES = YES;
				BUNDLE_LOADER = "$(TEST_HOST)";
				CODE_SIGN_STYLE = Automatic;
				CURRENT_PROJECT_VERSION = 1;
				DEVELOPMENT_TEAM = X8Z657K235;
				GENERATE_INFOPLIST_FILE = YES;
				IPHONEOS_DEPLOYMENT_TARGET = 17.5;
				MARKETING_VERSION = 1.0;
				PRODUCT_BUNDLE_IDENTIFIER = app.calendar.testgulaTests;
				PRODUCT_NAME = "$(TARGET_NAME)";
				SWIFT_EMIT_LOC_STRINGS = NO;
				SWIFT_VERSION = 5.0;
				TARGETED_DEVICE_FAMILY = "1,2";
				TEST_HOST = "$(BUILT_PRODUCTS_DIR)/testgula.app/$(BUNDLE_EXECUTABLE_FOLDER_PATH)/testgula";
			};
			name = Release;
		};
		C1AAF7082C86304C006E563B /* Debug */ = {
			isa = XCBuildConfiguration;
			buildSettings = {
				ALWAYS_EMBED_SWIFT_STANDARD_LIBRARIES = YES;
				CODE_SIGN_STYLE = Automatic;
				CURRENT_PROJECT_VERSION = 1;
				DEVELOPMENT_TEAM = X8Z657K235;
				GENERATE_INFOPLIST_FILE = YES;
				MARKETING_VERSION = 1.0;
				PRODUCT_BUNDLE_IDENTIFIER = app.calendar.testgulaUITests;
				PRODUCT_NAME = "$(TARGET_NAME)";
				SWIFT_EMIT_LOC_STRINGS = NO;
				SWIFT_VERSION = 5.0;
				TARGETED_DEVICE_FAMILY = "1,2";
				TEST_TARGET_NAME = testgula;
			};
			name = Debug;
		};
		C1AAF7092C86304C006E563B /* Release */ = {
			isa = XCBuildConfiguration;
			buildSettings = {
				ALWAYS_EMBED_SWIFT_STANDARD_LIBRARIES = YES;
				CODE_SIGN_STYLE = Automatic;
				CURRENT_PROJECT_VERSION = 1;
				DEVELOPMENT_TEAM = X8Z657K235;
				GENERATE_INFOPLIST_FILE = YES;
				MARKETING_VERSION = 1.0;
				PRODUCT_BUNDLE_IDENTIFIER = app.calendar.testgulaUITests;
				PRODUCT_NAME = "$(TARGET_NAME)";
				SWIFT_EMIT_LOC_STRINGS = NO;
				SWIFT_VERSION = 5.0;
				TARGETED_DEVICE_FAMILY = "1,2";
				TEST_TARGET_NAME = testgula;
			};
			name = Release;
		};
/* End XCBuildConfiguration section */

/* Begin XCConfigurationList section */
		C1AAF6D62C86304B006E563B /* Build configuration list for PBXProject "testgula" */ = {
			isa = XCConfigurationList;
			buildConfigurations = (
				C1AAF6FF2C86304C006E563B /* Debug */,
				C1AAF7002C86304C006E563B /* Release */,
			);
			defaultConfigurationIsVisible = 0;
			defaultConfigurationName = Release;
		};
		C1AAF7012C86304C006E563B /* Build configuration list for PBXNativeTarget "testgula" */ = {
			isa = XCConfigurationList;
			buildConfigurations = (
				C1AAF7022C86304C006E563B /* Debug */,
				C1AAF7032C86304C006E563B /* Release */,
			);
			defaultConfigurationIsVisible = 0;
			defaultConfigurationName = Release;
		};
		C1AAF7042C86304C006E563B /* Build configuration list for PBXNativeTarget "testgulaTests" */ = {
			isa = XCConfigurationList;
			buildConfigurations = (
				C1AAF7052C86304C006E563B /* Debug */,
				C1AAF7062C86304C006E563B /* Release */,
			);
			defaultConfigurationIsVisible = 0;
			defaultConfigurationName = Release;
		};
		C1AAF7072C86304C006E563B /* Build configuration list for PBXNativeTarget "testgulaUITests" */ = {
			isa = XCConfigurationList;
			buildConfigurations = (
				C1AAF7082C86304C006E563B /* Debug */,
				C1AAF7092C86304C006E563B /* Release */,
			);
			defaultConfigurationIsVisible = 0;
			defaultConfigurationName = Release;
		};
/* End XCConfigurationList section */
	};
	rootObject = C1AAF6D32C86304B006E563B /* Project object */;
}
