// !$*UTF8*$!
{
	archiveVersion = 1;
	classes = {
	};
	objectVersion = 56;
	objects = {

/* Begin PBXBuildFile section */
		1BEE3D474B46C2C3A5E4F313 /* OrderUseCaseTests.swift in Sources */ = {isa = PBXBuildFile; fileRef = F5B18BD3DEE328CCBF6F18ED /* OrderUseCaseTests.swift */; };
		79175A77DC366C6B50E12382 /* MenuUseCaseTests.swift in Sources */ = {isa = PBXBuildFile; fileRef = EE61E89552E9AD73B9626A9C /* MenuUseCaseTests.swift */; };
		7F329F63732F705654FB2EE8 /* configuration.authentication.gula in Sources */ = {isa = PBXBuildFile; fileRef = BB883DD5A93FA09CA77D0059 /* configuration.authentication.gula */; };
		902C12A3559F0AFB16AA7D5B /* OrderRepositoryFake.swift in Sources */ = {isa = PBXBuildFile; fileRef = 63F5369149014C6FF030AAB0 /* OrderRepositoryFake.swift */; };
		B4395A175F6643257EA02B4E /* README.md in Sources */ = {isa = PBXBuildFile; fileRef = E4CFA1BE888D358EAADF7FE1 /* README.md */; };
		C1AAF6DF2C86304B006E563B /* testgulaApp.swift in Sources */ = {isa = PBXBuildFile; fileRef = C1AAF6DE2C86304B006E563B /* testgulaApp.swift */; };
		C1AAF6E12C86304B006E563B /* ContentView.swift in Sources */ = {isa = PBXBuildFile; fileRef = C1AAF6E02C86304B006E563B /* ContentView.swift */; };
		C1AAF6E32C86304B006E563B /* Item.swift in Sources */ = {isa = PBXBuildFile; fileRef = C1AAF6E22C86304B006E563B /* Item.swift */; };
		C1AAF6E52C86304C006E563B /* Assets.xcassets in Resources */ = {isa = PBXBuildFile; fileRef = C1AAF6E42C86304C006E563B /* Assets.xcassets */; };
		C1AAF6E82C86304C006E563B /* Preview Assets.xcassets in Resources */ = {isa = PBXBuildFile; fileRef = C1AAF6E72C86304C006E563B /* Preview Assets.xcassets */; };
		C1AAF6F22C86304C006E563B /* testgulaTests.swift in Sources */ = {isa = PBXBuildFile; fileRef = C1AAF6F12C86304C006E563B /* testgulaTests.swift */; };
		C1AAF6FC2C86304C006E563B /* testgulaUITests.swift in Sources */ = {isa = PBXBuildFile; fileRef = C1AAF6FB2C86304C006E563B /* testgulaUITests.swift */; };
		C1AAF6FE2C86304C006E563B /* testgulaUITestsLaunchTests.swift in Sources */ = {isa = PBXBuildFile; fileRef = C1AAF6FD2C86304C006E563B /* testgulaUITestsLaunchTests.swift */; };
		CC8FBC8D00C96B63BAA56A4D /* MenuRepositoryFake.swift in Sources */ = {isa = PBXBuildFile; fileRef = FBB8C4480C655CA2582B0A2A /* MenuRepositoryFake.swift */; };
		DC161F62B0CDF99E16DD8102 /* Gula.xctestplan in Sources */ = {isa = PBXBuildFile; fileRef = C7E401A97A7F5EB117C55006 /* Gula.xctestplan */; };
/* End PBXBuildFile section */

/* Begin PBXContainerItemProxy section */
		C1AAF6EE2C86304C006E563B /* PBXContainerItemProxy */ = {
			isa = PBXContainerItemProxy;
			containerPortal = C1AAF6D32C86304B006E563B /* Project object */;
			proxyType = 1;
			remoteGlobalIDString = C1AAF6DA2C86304B006E563B;
			remoteInfo = testgula;
		};
		C1AAF6F82C86304C006E563B /* PBXContainerItemProxy */ = {
			isa = PBXContainerItemProxy;
			containerPortal = C1AAF6D32C86304B006E563B /* Project object */;
			proxyType = 1;
			remoteGlobalIDString = C1AAF6DA2C86304B006E563B;
			remoteInfo = testgula;
		};
/* End PBXContainerItemProxy section */

/* Begin PBXFileReference section */
		63F5369149014C6FF030AAB0 /* OrderRepositoryFake.swift */ = {isa = PBXFileReference; includeInIndex = 1; lastKnownFileType = sourcecode.swift; name = OrderRepositoryFake.swift; path = Gula/Modules/Authentication/GulaTests/Domain/UseCase/Order/OrderRepositoryFake.swift; sourceTree = "<group>"; };
		BB883DD5A93FA09CA77D0059 /* configuration.authentication.gula */ = {isa = PBXFileReference; includeInIndex = 1; lastKnownFileType = text; name = configuration.authentication.gula; path = Gula/Modules/Authentication/configuration.authentication.gula; sourceTree = "<group>"; };
		C1AAF6DB2C86304B006E563B /* testgula.app */ = {isa = PBXFileReference; explicitFileType = wrapper.application; includeInIndex = 0; path = testgula.app; sourceTree = BUILT_PRODUCTS_DIR; };
		C1AAF6DE2C86304B006E563B /* testgulaApp.swift */ = {isa = PBXFileReference; lastKnownFileType = sourcecode.swift; path = testgulaApp.swift; sourceTree = "<group>"; };
		C1AAF6E02C86304B006E563B /* ContentView.swift */ = {isa = PBXFileReference; lastKnownFileType = sourcecode.swift; path = ContentView.swift; sourceTree = "<group>"; };
		C1AAF6E22C86304B006E563B /* Item.swift */ = {isa = PBXFileReference; lastKnownFileType = sourcecode.swift; path = Item.swift; sourceTree = "<group>"; };
		C1AAF6E42C86304C006E563B /* Assets.xcassets */ = {isa = PBXFileReference; lastKnownFileType = folder.assetcatalog; path = Assets.xcassets; sourceTree = "<group>"; };
		C1AAF6E72C86304C006E563B /* Preview Assets.xcassets */ = {isa = PBXFileReference; lastKnownFileType = folder.assetcatalog; path = "Preview Assets.xcassets"; sourceTree = "<group>"; };
		C1AAF6ED2C86304C006E563B /* testgulaTests.xctest */ = {isa = PBXFileReference; explicitFileType = wrapper.cfbundle; includeInIndex = 0; path = testgulaTests.xctest; sourceTree = BUILT_PRODUCTS_DIR; };
		C1AAF6F12C86304C006E563B /* testgulaTests.swift */ = {isa = PBXFileReference; lastKnownFileType = sourcecode.swift; path = testgulaTests.swift; sourceTree = "<group>"; };
		C1AAF6F72C86304C006E563B /* testgulaUITests.xctest */ = {isa = PBXFileReference; explicitFileType = wrapper.cfbundle; includeInIndex = 0; path = testgulaUITests.xctest; sourceTree = BUILT_PRODUCTS_DIR; };
		C1AAF6FB2C86304C006E563B /* testgulaUITests.swift */ = {isa = PBXFileReference; lastKnownFileType = sourcecode.swift; path = testgulaUITests.swift; sourceTree = "<group>"; };
		C1AAF6FD2C86304C006E563B /* testgulaUITestsLaunchTests.swift */ = {isa = PBXFileReference; lastKnownFileType = sourcecode.swift; path = testgulaUITestsLaunchTests.swift; sourceTree = "<group>"; };
		C7E401A97A7F5EB117C55006 /* Gula.xctestplan */ = {isa = PBXFileReference; includeInIndex = 1; lastKnownFileType = text; name = Gula.xctestplan; path = Gula/Modules/Authentication/Gula.xctestplan; sourceTree = "<group>"; };
		E4CFA1BE888D358EAADF7FE1 /* README.md */ = {isa = PBXFileReference; includeInIndex = 1; lastKnownFileType = net.daringfireball.markdown; name = README.md; path = Gula/Modules/Authentication/README.md; sourceTree = "<group>"; };
		EE61E89552E9AD73B9626A9C /* MenuUseCaseTests.swift */ = {isa = PBXFileReference; includeInIndex = 1; lastKnownFileType = sourcecode.swift; name = MenuUseCaseTests.swift; path = Gula/Modules/Authentication/GulaTests/Domain/UseCase/Menu/MenuUseCaseTests.swift; sourceTree = "<group>"; };
		F5B18BD3DEE328CCBF6F18ED /* OrderUseCaseTests.swift */ = {isa = PBXFileReference; includeInIndex = 1; lastKnownFileType = sourcecode.swift; name = OrderUseCaseTests.swift; path = Gula/Modules/Authentication/GulaTests/Domain/UseCase/Order/OrderUseCaseTests.swift; sourceTree = "<group>"; };
		FBB8C4480C655CA2582B0A2A /* MenuRepositoryFake.swift */ = {isa = PBXFileReference; includeInIndex = 1; lastKnownFileType = sourcecode.swift; name = MenuRepositoryFake.swift; path = Gula/Modules/Authentication/GulaTests/Domain/UseCase/Menu/MenuRepositoryFake.swift; sourceTree = "<group>"; };
/* End PBXFileReference section */

/* Begin PBXFrameworksBuildPhase section */
		C1AAF6D82C86304B006E563B /* Frameworks */ = {
			isa = PBXFrameworksBuildPhase;
			buildActionMask = 2147483647;
			files = (
			);
			runOnlyForDeploymentPostprocessing = 0;
		};
		C1AAF6EA2C86304C006E563B /* Frameworks */ = {
			isa = PBXFrameworksBuildPhase;
			buildActionMask = 2147483647;
			files = (
			);
			runOnlyForDeploymentPostprocessing = 0;
		};
		C1AAF6F42C86304C006E563B /* Frameworks */ = {
			isa = PBXFrameworksBuildPhase;
			buildActionMask = 2147483647;
			files = (
			);
			runOnlyForDeploymentPostprocessing = 0;
		};
/* End PBXFrameworksBuildPhase section */

/* Begin PBXGroup section */
		2B403C12C2071D986038E0FF /* Order */ = {
			isa = PBXGroup;
			children = (
				63F5369149014C6FF030AAB0 /* OrderRepositoryFake.swift */,
				F5B18BD3DEE328CCBF6F18ED /* OrderUseCaseTests.swift */,
			);
			name = Order;
			sourceTree = "<group>";
		};
		4EC1FA5EFA5450E7768D5C0A /* Domain */ = {
			isa = PBXGroup;
			children = (
				60F17084CA4AB6C849B9B168 /* UseCase */,
			);
			name = Domain;
			sourceTree = "<group>";
		};
		60F17084CA4AB6C849B9B168 /* UseCase */ = {
			isa = PBXGroup;
			children = (
				2B403C12C2071D986038E0FF /* Order */,
				FABC9873F8683B23B1F8BF48 /* Menu */,
			);
			name = UseCase;
			sourceTree = "<group>";
		};
		A9884EC0716027BEB19F35E2 /* GulaTests */ = {
			isa = PBXGroup;
			children = (
				4EC1FA5EFA5450E7768D5C0A /* Domain */,
			);
			name = GulaTests;
			sourceTree = "<group>";
		};
		C1AAF6D22C86304B006E563B = {
			isa = PBXGroup;
			children = (
				C1AAF6DD2C86304B006E563B /* testgula */,
				C1AAF6F02C86304C006E563B /* testgulaTests */,
				C1AAF6FA2C86304C006E563B /* testgulaUITests */,
				C1AAF6DC2C86304B006E563B /* Products */,
				A9884EC0716027BEB19F35E2 /* GulaTests */,
				BB883DD5A93FA09CA77D0059 /* configuration.authentication.gula */,
				E4CFA1BE888D358EAADF7FE1 /* README.md */,
				C7E401A97A7F5EB117C55006 /* Gula.xctestplan */,
			);
			sourceTree = "<group>";
		};
		C1AAF6DC2C86304B006E563B /* Products */ = {
			isa = PBXGroup;
			children = (
				C1AAF6DB2C86304B006E563B /* testgula.app */,
				C1AAF6ED2C86304C006E563B /* testgulaTests.xctest */,
				C1AAF6F72C86304C006E563B /* testgulaUITests.xctest */,
			);
			name = Products;
			sourceTree = "<group>";
		};
		C1AAF6DD2C86304B006E563B /* testgula */ = {
			isa = PBXGroup;
			children = (
				C1AAF6DE2C86304B006E563B /* testgulaApp.swift */,
				C1AAF6E02C86304B006E563B /* ContentView.swift */,
				C1AAF6E22C86304B006E563B /* Item.swift */,
				C1AAF6E42C86304C006E563B /* Assets.xcassets */,
				C1AAF6E62C86304C006E563B /* Preview Content */,
			);
			path = testgula;
			sourceTree = "<group>";
		};
		C1AAF6E62C86304C006E563B /* Preview Content */ = {
			isa = PBXGroup;
			children = (
				C1AAF6E72C86304C006E563B /* Preview Assets.xcassets */,
			);
			path = "Preview Content";
			sourceTree = "<group>";
		};
		C1AAF6F02C86304C006E563B /* testgulaTests */ = {
			isa = PBXGroup;
			children = (
				C1AAF6F12C86304C006E563B /* testgulaTests.swift */,
			);
			path = testgulaTests;
			sourceTree = "<group>";
		};
		C1AAF6FA2C86304C006E563B /* testgulaUITests */ = {
			isa = PBXGroup;
			children = (
				C1AAF6FB2C86304C006E563B /* testgulaUITests.swift */,
				C1AAF6FD2C86304C006E563B /* testgulaUITestsLaunchTests.swift */,
			);
			path = testgulaUITests;
			sourceTree = "<group>";
		};
		FABC9873F8683B23B1F8BF48 /* Menu */ = {
			isa = PBXGroup;
			children = (
				EE61E89552E9AD73B9626A9C /* MenuUseCaseTests.swift */,
				FBB8C4480C655CA2582B0A2A /* MenuRepositoryFake.swift */,
			);
			name = Menu;
			sourceTree = "<group>";
		};
/* End PBXGroup section */

/* Begin PBXNativeTarget section */
		C1AAF6DA2C86304B006E563B /* testgula */ = {
			isa = PBXNativeTarget;
			buildConfigurationList = C1AAF7012C86304C006E563B /* Build configuration list for PBXNativeTarget "testgula" */;
			buildPhases = (
				C1AAF6D72C86304B006E563B /* Sources */,
				C1AAF6D82C86304B006E563B /* Frameworks */,
				C1AAF6D92C86304B006E563B /* Resources */,
			);
			buildRules = (
			);
			dependencies = (
			);
			name = testgula;
			productName = testgula;
			productReference = C1AAF6DB2C86304B006E563B /* testgula.app */;
			productType = "com.apple.product-type.application";
		};
		C1AAF6EC2C86304C006E563B /* testgulaTests */ = {
			isa = PBXNativeTarget;
			buildConfigurationList = C1AAF7042C86304C006E563B /* Build configuration list for PBXNativeTarget "testgulaTests" */;
			buildPhases = (
				C1AAF6E92C86304C006E563B /* Sources */,
				C1AAF6EA2C86304C006E563B /* Frameworks */,
				C1AAF6EB2C86304C006E563B /* Resources */,
			);
			buildRules = (
			);
			dependencies = (
				C1AAF6EF2C86304C006E563B /* PBXTargetDependency */,
			);
			name = testgulaTests;
			productName = testgulaTests;
			productReference = C1AAF6ED2C86304C006E563B /* testgulaTests.xctest */;
			productType = "com.apple.product-type.bundle.unit-test";
		};
		C1AAF6F62C86304C006E563B /* testgulaUITests */ = {
			isa = PBXNativeTarget;
			buildConfigurationList = C1AAF7072C86304C006E563B /* Build configuration list for PBXNativeTarget "testgulaUITests" */;
			buildPhases = (
				C1AAF6F32C86304C006E563B /* Sources */,
				C1AAF6F42C86304C006E563B /* Frameworks */,
				C1AAF6F52C86304C006E563B /* Resources */,
			);
			buildRules = (
			);
			dependencies = (
				C1AAF6F92C86304C006E563B /* PBXTargetDependency */,
			);
			name = testgulaUITests;
			productName = testgulaUITests;
			productReference = C1AAF6F72C86304C006E563B /* testgulaUITests.xctest */;
			productType = "com.apple.product-type.bundle.ui-testing";
		};
/* End PBXNativeTarget section */

/* Begin PBXProject section */
		C1AAF6D32C86304B006E563B /* Project object */ = {
			isa = PBXProject;
			attributes = {
				BuildIndependentTargetsInParallel = 1;
				LastSwiftUpdateCheck = 1540;
				LastUpgradeCheck = 1540;
				TargetAttributes = {
					C1AAF6DA2C86304B006E563B = {
						CreatedOnToolsVersion = 15.4;
					};
					C1AAF6EC2C86304C006E563B = {
						CreatedOnToolsVersion = 15.4;
						TestTargetID = C1AAF6DA2C86304B006E563B;
					};
					C1AAF6F62C86304C006E563B = {
						CreatedOnToolsVersion = 15.4;
						TestTargetID = C1AAF6DA2C86304B006E563B;
					};
				};
			};
			buildConfigurationList = C1AAF6D62C86304B006E563B /* Build configuration list for PBXProject "testgula" */;
			compatibilityVersion = "Xcode 14.0";
			developmentRegion = en;
			hasScannedForEncodings = 0;
			knownRegions = (
				en,
				Base,
			);
			mainGroup = C1AAF6D22C86304B006E563B;
			productRefGroup = C1AAF6DC2C86304B006E563B /* Products */;
			projectDirPath = "";
			projectRoot = "";
			targets = (
				C1AAF6DA2C86304B006E563B /* testgula */,
				C1AAF6EC2C86304C006E563B /* testgulaTests */,
				C1AAF6F62C86304C006E563B /* testgulaUITests */,
			);
		};
/* End PBXProject section */

/* Begin PBXResourcesBuildPhase section */
		C1AAF6D92C86304B006E563B /* Resources */ = {
			isa = PBXResourcesBuildPhase;
			buildActionMask = 2147483647;
			files = (
				C1AAF6E82C86304C006E563B /* Preview Assets.xcassets in Resources */,
				C1AAF6E52C86304C006E563B /* Assets.xcassets in Resources */,
			);
			runOnlyForDeploymentPostprocessing = 0;
		};
		C1AAF6EB2C86304C006E563B /* Resources */ = {
			isa = PBXResourcesBuildPhase;
			buildActionMask = 2147483647;
			files = (
			);
			runOnlyForDeploymentPostprocessing = 0;
		};
		C1AAF6F52C86304C006E563B /* Resources */ = {
			isa = PBXResourcesBuildPhase;
			buildActionMask = 2147483647;
			files = (
			);
			runOnlyForDeploymentPostprocessing = 0;
		};
/* End PBXResourcesBuildPhase section */

/* Begin PBXSourcesBuildPhase section */
		C1AAF6D72C86304B006E563B /* Sources */ = {
			isa = PBXSourcesBuildPhase;
			buildActionMask = 2147483647;
			files = (
				C1AAF6E12C86304B006E563B /* ContentView.swift in Sources */,
				C1AAF6E32C86304B006E563B /* Item.swift in Sources */,
				C1AAF6DF2C86304B006E563B /* testgulaApp.swift in Sources */,
				902C12A3559F0AFB16AA7D5B /* OrderRepositoryFake.swift in Sources */,
				1BEE3D474B46C2C3A5E4F313 /* OrderUseCaseTests.swift in Sources */,
				79175A77DC366C6B50E12382 /* MenuUseCaseTests.swift in Sources */,
				CC8FBC8D00C96B63BAA56A4D /* MenuRepositoryFake.swift in Sources */,
				7F329F63732F705654FB2EE8 /* configuration.authentication.gula in Sources */,
				B4395A175F6643257EA02B4E /* README.md in Sources */,
				DC161F62B0CDF99E16DD8102 /* Gula.xctestplan in Sources */,
			);
			runOnlyForDeploymentPostprocessing = 0;
		};
		C1AAF6E92C86304C006E563B /* Sources */ = {
			isa = PBXSourcesBuildPhase;
			buildActionMask = 2147483647;
			files = (
				C1AAF6F22C86304C006E563B /* testgulaTests.swift in Sources */,
			);
			runOnlyForDeploymentPostprocessing = 0;
		};
		C1AAF6F32C86304C006E563B /* Sources */ = {
			isa = PBXSourcesBuildPhase;
			buildActionMask = 2147483647;
			files = (
				C1AAF6FE2C86304C006E563B /* testgulaUITestsLaunchTests.swift in Sources */,
				C1AAF6FC2C86304C006E563B /* testgulaUITests.swift in Sources */,
			);
			runOnlyForDeploymentPostprocessing = 0;
		};
/* End PBXSourcesBuildPhase section */

/* Begin PBXTargetDependency section */
		C1AAF6EF2C86304C006E563B /* PBXTargetDependency */ = {
			isa = PBXTargetDependency;
			target = C1AAF6DA2C86304B006E563B /* testgula */;
			targetProxy = C1AAF6EE2C86304C006E563B /* PBXContainerItemProxy */;
		};
		C1AAF6F92C86304C006E563B /* PBXTargetDependency */ = {
			isa = PBXTargetDependency;
			target = C1AAF6DA2C86304B006E563B /* testgula */;
			targetProxy = C1AAF6F82C86304C006E563B /* PBXContainerItemProxy */;
		};
/* End PBXTargetDependency section */

/* Begin XCBuildConfiguration section */
		C1AAF6FF2C86304C006E563B /* Debug */ = {
			isa = XCBuildConfiguration;
			buildSettings = {
				ALWAYS_SEARCH_USER_PATHS = NO;
				ASSETCATALOG_COMPILER_GENERATE_SWIFT_ASSET_SYMBOL_EXTENSIONS = YES;
				CLANG_ANALYZER_NONNULL = YES;
				CLANG_ANALYZER_NUMBER_OBJECT_CONVERSION = YES_AGGRESSIVE;
				CLANG_CXX_LANGUAGE_STANDARD = "gnu++20";
				CLANG_ENABLE_MODULES = YES;
				CLANG_ENABLE_OBJC_ARC = YES;
				CLANG_ENABLE_OBJC_WEAK = YES;
				CLANG_WARN_BLOCK_CAPTURE_AUTORELEASING = YES;
				CLANG_WARN_BOOL_CONVERSION = YES;
				CLANG_WARN_COMMA = YES;
				CLANG_WARN_CONSTANT_CONVERSION = YES;
				CLANG_WARN_DEPRECATED_OBJC_IMPLEMENTATIONS = YES;
				CLANG_WARN_DIRECT_OBJC_ISA_USAGE = YES_ERROR;
				CLANG_WARN_DOCUMENTATION_COMMENTS = YES;
				CLANG_WARN_EMPTY_BODY = YES;
				CLANG_WARN_ENUM_CONVERSION = YES;
				CLANG_WARN_INFINITE_RECURSION = YES;
				CLANG_WARN_INT_CONVERSION = YES;
				CLANG_WARN_NON_LITERAL_NULL_CONVERSION = YES;
				CLANG_WARN_OBJC_IMPLICIT_RETAIN_SELF = YES;
				CLANG_WARN_OBJC_LITERAL_CONVERSION = YES;
				CLANG_WARN_OBJC_ROOT_CLASS = YES_ERROR;
				CLANG_WARN_QUOTED_INCLUDE_IN_FRAMEWORK_HEADER = YES;
				CLANG_WARN_RANGE_LOOP_ANALYSIS = YES;
				CLANG_WARN_STRICT_PROTOTYPES = YES;
				CLANG_WARN_SUSPICIOUS_MOVE = YES;
				CLANG_WARN_UNGUARDED_AVAILABILITY = YES_AGGRESSIVE;
				CLANG_WARN_UNREACHABLE_CODE = YES;
				CLANG_WARN__DUPLICATE_METHOD_MATCH = YES;
				COPY_PHASE_STRIP = NO;
				DEBUG_INFORMATION_FORMAT = dwarf;
				ENABLE_STRICT_OBJC_MSGSEND = YES;
				ENABLE_TESTABILITY = YES;
				ENABLE_USER_SCRIPT_SANDBOXING = YES;
				GCC_C_LANGUAGE_STANDARD = gnu17;
				GCC_DYNAMIC_NO_PIC = NO;
				GCC_NO_COMMON_BLOCKS = YES;
				GCC_OPTIMIZATION_LEVEL = 0;
				GCC_PREPROCESSOR_DEFINITIONS = (
					"DEBUG=1",
					"$(inherited)",
				);
				GCC_WARN_64_TO_32_BIT_CONVERSION = YES;
				GCC_WARN_ABOUT_RETURN_TYPE = YES_ERROR;
				GCC_WARN_UNDECLARED_SELECTOR = YES;
				GCC_WARN_UNINITIALIZED_AUTOS = YES_AGGRESSIVE;
				GCC_WARN_UNUSED_FUNCTION = YES;
				GCC_WARN_UNUSED_VARIABLE = YES;
				IPHONEOS_DEPLOYMENT_TARGET = 17.5;
				LOCALIZATION_PREFERS_STRING_CATALOGS = YES;
				MTL_ENABLE_DEBUG_INFO = INCLUDE_SOURCE;
				MTL_FAST_MATH = YES;
				ONLY_ACTIVE_ARCH = YES;
				SDKROOT = iphoneos;
				SWIFT_ACTIVE_COMPILATION_CONDITIONS = "DEBUG $(inherited)";
				SWIFT_OPTIMIZATION_LEVEL = "-Onone";
			};
			name = Debug;
		};
		C1AAF7002C86304C006E563B /* Release */ = {
			isa = XCBuildConfiguration;
			buildSettings = {
				ALWAYS_SEARCH_USER_PATHS = NO;
				ASSETCATALOG_COMPILER_GENERATE_SWIFT_ASSET_SYMBOL_EXTENSIONS = YES;
				CLANG_ANALYZER_NONNULL = YES;
				CLANG_ANALYZER_NUMBER_OBJECT_CONVERSION = YES_AGGRESSIVE;
				CLANG_CXX_LANGUAGE_STANDARD = "gnu++20";
				CLANG_ENABLE_MODULES = YES;
				CLANG_ENABLE_OBJC_ARC = YES;
				CLANG_ENABLE_OBJC_WEAK = YES;
				CLANG_WARN_BLOCK_CAPTURE_AUTORELEASING = YES;
				CLANG_WARN_BOOL_CONVERSION = YES;
				CLANG_WARN_COMMA = YES;
				CLANG_WARN_CONSTANT_CONVERSION = YES;
				CLANG_WARN_DEPRECATED_OBJC_IMPLEMENTATIONS = YES;
				CLANG_WARN_DIRECT_OBJC_ISA_USAGE = YES_ERROR;
				CLANG_WARN_DOCUMENTATION_COMMENTS = YES;
				CLANG_WARN_EMPTY_BODY = YES;
				CLANG_WARN_ENUM_CONVERSION = YES;
				CLANG_WARN_INFINITE_RECURSION = YES;
				CLANG_WARN_INT_CONVERSION = YES;
				CLANG_WARN_NON_LITERAL_NULL_CONVERSION = YES;
				CLANG_WARN_OBJC_IMPLICIT_RETAIN_SELF = YES;
				CLANG_WARN_OBJC_LITERAL_CONVERSION = YES;
				CLANG_WARN_OBJC_ROOT_CLASS = YES_ERROR;
				CLANG_WARN_QUOTED_INCLUDE_IN_FRAMEWORK_HEADER = YES;
				CLANG_WARN_RANGE_LOOP_ANALYSIS = YES;
				CLANG_WARN_STRICT_PROTOTYPES = YES;
				CLANG_WARN_SUSPICIOUS_MOVE = YES;
				CLANG_WARN_UNGUARDED_AVAILABILITY = YES_AGGRESSIVE;
				CLANG_WARN_UNREACHABLE_CODE = YES;
				CLANG_WARN__DUPLICATE_METHOD_MATCH = YES;
				COPY_PHASE_STRIP = NO;
				DEBUG_INFORMATION_FORMAT = "dwarf-with-dsym";
				ENABLE_NS_ASSERTIONS = NO;
				ENABLE_STRICT_OBJC_MSGSEND = YES;
				ENABLE_USER_SCRIPT_SANDBOXING = YES;
				GCC_C_LANGUAGE_STANDARD = gnu17;
				GCC_NO_COMMON_BLOCKS = YES;
				GCC_WARN_64_TO_32_BIT_CONVERSION = YES;
				GCC_WARN_ABOUT_RETURN_TYPE = YES_ERROR;
				GCC_WARN_UNDECLARED_SELECTOR = YES;
				GCC_WARN_UNINITIALIZED_AUTOS = YES_AGGRESSIVE;
				GCC_WARN_UNUSED_FUNCTION = YES;
				GCC_WARN_UNUSED_VARIABLE = YES;
				IPHONEOS_DEPLOYMENT_TARGET = 17.5;
				LOCALIZATION_PREFERS_STRING_CATALOGS = YES;
				MTL_ENABLE_DEBUG_INFO = NO;
				MTL_FAST_MATH = YES;
				SDKROOT = iphoneos;
				SWIFT_COMPILATION_MODE = wholemodule;
				VALIDATE_PRODUCT = YES;
			};
			name = Release;
		};
		C1AAF7022C86304C006E563B /* Debug */ = {
			isa = XCBuildConfiguration;
			buildSettings = {
				ASSETCATALOG_COMPILER_APPICON_NAME = AppIcon;
				ASSETCATALOG_COMPILER_GLOBAL_ACCENT_COLOR_NAME = AccentColor;
				CODE_SIGN_STYLE = Automatic;
				CURRENT_PROJECT_VERSION = 1;
				DEVELOPMENT_ASSET_PATHS = "\"testgula/Preview Content\"";
				DEVELOPMENT_TEAM = X8Z657K235;
				ENABLE_PREVIEWS = YES;
				GENERATE_INFOPLIST_FILE = YES;
				INFOPLIST_KEY_UIApplicationSceneManifest_Generation = YES;
				INFOPLIST_KEY_UIApplicationSupportsIndirectInputEvents = YES;
				INFOPLIST_KEY_UILaunchScreen_Generation = YES;
				INFOPLIST_KEY_UISupportedInterfaceOrientations_iPad = "UIInterfaceOrientationPortrait UIInterfaceOrientationPortraitUpsideDown UIInterfaceOrientationLandscapeLeft UIInterfaceOrientationLandscapeRight";
				INFOPLIST_KEY_UISupportedInterfaceOrientations_iPhone = "UIInterfaceOrientationPortrait UIInterfaceOrientationLandscapeLeft UIInterfaceOrientationLandscapeRight";
				LD_RUNPATH_SEARCH_PATHS = (
					"$(inherited)",
					"@executable_path/Frameworks",
				);
				MARKETING_VERSION = 1.0;
				PRODUCT_BUNDLE_IDENTIFIER = app.calendar.testgula;
				PRODUCT_NAME = "$(TARGET_NAME)";
				SWIFT_EMIT_LOC_STRINGS = YES;
				SWIFT_VERSION = 5.0;
				TARGETED_DEVICE_FAMILY = "1,2";
			};
			name = Debug;
		};
		C1AAF7032C86304C006E563B /* Release */ = {
			isa = XCBuildConfiguration;
			buildSettings = {
				ASSETCATALOG_COMPILER_APPICON_NAME = AppIcon;
				ASSETCATALOG_COMPILER_GLOBAL_ACCENT_COLOR_NAME = AccentColor;
				CODE_SIGN_STYLE = Automatic;
				CURRENT_PROJECT_VERSION = 1;
				DEVELOPMENT_ASSET_PATHS = "\"testgula/Preview Content\"";
				DEVELOPMENT_TEAM = X8Z657K235;
				ENABLE_PREVIEWS = YES;
				GENERATE_INFOPLIST_FILE = YES;
				INFOPLIST_KEY_UIApplicationSceneManifest_Generation = YES;
				INFOPLIST_KEY_UIApplicationSupportsIndirectInputEvents = YES;
				INFOPLIST_KEY_UILaunchScreen_Generation = YES;
				INFOPLIST_KEY_UISupportedInterfaceOrientations_iPad = "UIInterfaceOrientationPortrait UIInterfaceOrientationPortraitUpsideDown UIInterfaceOrientationLandscapeLeft UIInterfaceOrientationLandscapeRight";
				INFOPLIST_KEY_UISupportedInterfaceOrientations_iPhone = "UIInterfaceOrientationPortrait UIInterfaceOrientationLandscapeLeft UIInterfaceOrientationLandscapeRight";
				LD_RUNPATH_SEARCH_PATHS = (
					"$(inherited)",
					"@executable_path/Frameworks",
				);
				MARKETING_VERSION = 1.0;
				PRODUCT_BUNDLE_IDENTIFIER = app.calendar.testgula;
				PRODUCT_NAME = "$(TARGET_NAME)";
				SWIFT_EMIT_LOC_STRINGS = YES;
				SWIFT_VERSION = 5.0;
				TARGETED_DEVICE_FAMILY = "1,2";
			};
			name = Release;
		};
		C1AAF7052C86304C006E563B /* Debug */ = {
			isa = XCBuildConfiguration;
			buildSettings = {
				ALWAYS_EMBED_SWIFT_STANDARD_LIBRARIES = YES;
				BUNDLE_LOADER = "$(TEST_HOST)";
				CODE_SIGN_STYLE = Automatic;
				CURRENT_PROJECT_VERSION = 1;
				DEVELOPMENT_TEAM = X8Z657K235;
				GENERATE_INFOPLIST_FILE = YES;
				IPHONEOS_DEPLOYMENT_TARGET = 17.5;
				MARKETING_VERSION = 1.0;
				PRODUCT_BUNDLE_IDENTIFIER = app.calendar.testgulaTests;
				PRODUCT_NAME = "$(TARGET_NAME)";
				SWIFT_EMIT_LOC_STRINGS = NO;
				SWIFT_VERSION = 5.0;
				TARGETED_DEVICE_FAMILY = "1,2";
				TEST_HOST = "$(BUILT_PRODUCTS_DIR)/testgula.app/$(BUNDLE_EXECUTABLE_FOLDER_PATH)/testgula";
			};
			name = Debug;
		};
		C1AAF7062C86304C006E563B /* Release */ = {
			isa = XCBuildConfiguration;
			buildSettings = {
				ALWAYS_EMBED_SWIFT_STANDARD_LIBRARIES = YES;
				BUNDLE_LOADER = "$(TEST_HOST)";
				CODE_SIGN_STYLE = Automatic;
				CURRENT_PROJECT_VERSION = 1;
				DEVELOPMENT_TEAM = X8Z657K235;
				GENERATE_INFOPLIST_FILE = YES;
				IPHONEOS_DEPLOYMENT_TARGET = 17.5;
				MARKETING_VERSION = 1.0;
				PRODUCT_BUNDLE_IDENTIFIER = app.calendar.testgulaTests;
				PRODUCT_NAME = "$(TARGET_NAME)";
				SWIFT_EMIT_LOC_STRINGS = NO;
				SWIFT_VERSION = 5.0;
				TARGETED_DEVICE_FAMILY = "1,2";
				TEST_HOST = "$(BUILT_PRODUCTS_DIR)/testgula.app/$(BUNDLE_EXECUTABLE_FOLDER_PATH)/testgula";
			};
			name = Release;
		};
		C1AAF7082C86304C006E563B /* Debug */ = {
			isa = XCBuildConfiguration;
			buildSettings = {
				ALWAYS_EMBED_SWIFT_STANDARD_LIBRARIES = YES;
				CODE_SIGN_STYLE = Automatic;
				CURRENT_PROJECT_VERSION = 1;
				DEVELOPMENT_TEAM = X8Z657K235;
				GENERATE_INFOPLIST_FILE = YES;
				MARKETING_VERSION = 1.0;
				PRODUCT_BUNDLE_IDENTIFIER = app.calendar.testgulaUITests;
				PRODUCT_NAME = "$(TARGET_NAME)";
				SWIFT_EMIT_LOC_STRINGS = NO;
				SWIFT_VERSION = 5.0;
				TARGETED_DEVICE_FAMILY = "1,2";
				TEST_TARGET_NAME = testgula;
			};
			name = Debug;
		};
		C1AAF7092C86304C006E563B /* Release */ = {
			isa = XCBuildConfiguration;
			buildSettings = {
				ALWAYS_EMBED_SWIFT_STANDARD_LIBRARIES = YES;
				CODE_SIGN_STYLE = Automatic;
				CURRENT_PROJECT_VERSION = 1;
				DEVELOPMENT_TEAM = X8Z657K235;
				GENERATE_INFOPLIST_FILE = YES;
				MARKETING_VERSION = 1.0;
				PRODUCT_BUNDLE_IDENTIFIER = app.calendar.testgulaUITests;
				PRODUCT_NAME = "$(TARGET_NAME)";
				SWIFT_EMIT_LOC_STRINGS = NO;
				SWIFT_VERSION = 5.0;
				TARGETED_DEVICE_FAMILY = "1,2";
				TEST_TARGET_NAME = testgula;
			};
			name = Release;
		};
/* End XCBuildConfiguration section */

/* Begin XCConfigurationList section */
		C1AAF6D62C86304B006E563B /* Build configuration list for PBXProject "testgula" */ = {
			isa = XCConfigurationList;
			buildConfigurations = (
				C1AAF6FF2C86304C006E563B /* Debug */,
				C1AAF7002C86304C006E563B /* Release */,
			);
			defaultConfigurationIsVisible = 0;
			defaultConfigurationName = Release;
		};
		C1AAF7012C86304C006E563B /* Build configuration list for PBXNativeTarget "testgula" */ = {
			isa = XCConfigurationList;
			buildConfigurations = (
				C1AAF7022C86304C006E563B /* Debug */,
				C1AAF7032C86304C006E563B /* Release */,
			);
			defaultConfigurationIsVisible = 0;
			defaultConfigurationName = Release;
		};
		C1AAF7042C86304C006E563B /* Build configuration list for PBXNativeTarget "testgulaTests" */ = {
			isa = XCConfigurationList;
			buildConfigurations = (
				C1AAF7052C86304C006E563B /* Debug */,
				C1AAF7062C86304C006E563B /* Release */,
			);
			defaultConfigurationIsVisible = 0;
			defaultConfigurationName = Release;
		};
		C1AAF7072C86304C006E563B /* Build configuration list for PBXNativeTarget "testgulaUITests" */ = {
			isa = XCConfigurationList;
			buildConfigurations = (
				C1AAF7082C86304C006E563B /* Debug */,
				C1AAF7092C86304C006E563B /* Release */,
			);
			defaultConfigurationIsVisible = 0;
			defaultConfigurationName = Release;
		};
/* End XCConfigurationList section */
	};
	rootObject = C1AAF6D32C86304B006E563B /* Project object */;
}
